// !$*UTF8*$!
{
	archiveVersion = 1;
	classes = {
	};
	objectVersion = 46;
	objects = {

/* Begin PBXBuildFile section */
		0E07E2041C22ADCC00798ADD /* main.c in Sources */ = {isa = PBXBuildFile; fileRef = 0E07E2031C22ADCC00798ADD /* main.c */; };
		0E07E2111C22B1BA00798ADD /* main.c in Sources */ = {isa = PBXBuildFile; fileRef = 0E07E2101C22B1BA00798ADD /* main.c */; };
/* End PBXBuildFile section */

/* Begin PBXCopyFilesBuildPhase section */
		0E07E1FE1C22ADCC00798ADD /* CopyFiles */ = {
			isa = PBXCopyFilesBuildPhase;
			buildActionMask = 2147483647;
			dstPath = /usr/share/man/man1/;
			dstSubfolderSpec = 0;
			files = (
			);
			runOnlyForDeploymentPostprocessing = 1;
		};
		0E07E20C1C22B1BA00798ADD /* CopyFiles */ = {
			isa = PBXCopyFilesBuildPhase;
			buildActionMask = 2147483647;
			dstPath = /usr/share/man/man1/;
			dstSubfolderSpec = 0;
			files = (
			);
			runOnlyForDeploymentPostprocessing = 1;
		};
/* End PBXCopyFilesBuildPhase section */

/* Begin PBXFileReference section */
		0E07E2001C22ADCC00798ADD /* day02备课代码 */ = {isa = PBXFileReference; explicitFileType = "compiled.mach-o.executable"; includeInIndex = 0; path = "day02备课代码"; sourceTree = BUILT_PRODUCTS_DIR; };
		0E07E2031C22ADCC00798ADD /* main.c */ = {isa = PBXFileReference; lastKnownFileType = sourcecode.c.c; path = main.c; sourceTree = "<group>"; };
		0E07E20E1C22B1BA00798ADD /* 1-【掌握】常量和变量 */ = {isa = PBXFileReference; explicitFileType = "compiled.mach-o.executable"; includeInIndex = 0; path = "1-【掌握】常量和变量"; sourceTree = BUILT_PRODUCTS_DIR; };
		0E07E2101C22B1BA00798ADD /* main.c */ = {isa = PBXFileReference; lastKnownFileType = sourcecode.c.c; path = main.c; sourceTree = "<group>"; };
/* End PBXFileReference section */

/* Begin PBXFrameworksBuildPhase section */
		0E07E1FD1C22ADCC00798ADD /* Frameworks */ = {
			isa = PBXFrameworksBuildPhase;
			buildActionMask = 2147483647;
			files = (
			);
			runOnlyForDeploymentPostprocessing = 0;
		};
		0E07E20B1C22B1BA00798ADD /* Frameworks */ = {
			isa = PBXFrameworksBuildPhase;
			buildActionMask = 2147483647;
			files = (
			);
			runOnlyForDeploymentPostprocessing = 0;
		};
/* End PBXFrameworksBuildPhase section */

/* Begin PBXGroup section */
		0E07E1F71C22ADCC00798ADD = {
			isa = PBXGroup;
			children = (
				0E07E2021C22ADCC00798ADD /* day02备课代码 */,
				0E07E20F1C22B1BA00798ADD /* 1-【掌握】常量和变量 */,
				0E07E2011C22ADCC00798ADD /* Products */,
			);
			sourceTree = "<group>";
		};
		0E07E2011C22ADCC00798ADD /* Products */ = {
			isa = PBXGroup;
			children = (
				0E07E2001C22ADCC00798ADD /* day02备课代码 */,
				0E07E20E1C22B1BA00798ADD /* 1-【掌握】常量和变量 */,
			);
			name = Products;
			sourceTree = "<group>";
		};
		0E07E2021C22ADCC00798ADD /* day02备课代码 */ = {
			isa = PBXGroup;
			children = (
				0E07E2031C22ADCC00798ADD /* main.c */,
			);
			path = "day02备课代码";
			sourceTree = "<group>";
		};
		0E07E20F1C22B1BA00798ADD /* 1-【掌握】常量和变量 */ = {
			isa = PBXGroup;
			children = (
				0E07E2101C22B1BA00798ADD /* main.c */,
			);
			path = "1-【掌握】常量和变量";
			sourceTree = "<group>";
		};
/* End PBXGroup section */

/* Begin PBXNativeTarget section */
		0E07E1FF1C22ADCC00798ADD /* day02备课代码 */ = {
			isa = PBXNativeTarget;
			buildConfigurationList = 0E07E2071C22ADCC00798ADD /* Build configuration list for PBXNativeTarget "day02备课代码" */;
			buildPhases = (
				0E07E1FC1C22ADCC00798ADD /* Sources */,
				0E07E1FD1C22ADCC00798ADD /* Frameworks */,
				0E07E1FE1C22ADCC00798ADD /* CopyFiles */,
			);
			buildRules = (
			);
			dependencies = (
			);
			name = "day02备课代码";
			productName = "day02备课代码";
			productReference = 0E07E2001C22ADCC00798ADD /* day02备课代码 */;
			productType = "com.apple.product-type.tool";
		};
		0E07E20D1C22B1BA00798ADD /* 1-【掌握】常量和变量 */ = {
			isa = PBXNativeTarget;
			buildConfigurationList = 0E07E2121C22B1BA00798ADD /* Build configuration list for PBXNativeTarget "1-【掌握】常量和变量" */;
			buildPhases = (
				0E07E20A1C22B1BA00798ADD /* Sources */,
				0E07E20B1C22B1BA00798ADD /* Frameworks */,
				0E07E20C1C22B1BA00798ADD /* CopyFiles */,
			);
			buildRules = (
			);
			dependencies = (
			);
			name = "1-【掌握】常量和变量";
			productName = "1-【掌握】常量和变量";
			productReference = 0E07E20E1C22B1BA00798ADD /* 1-【掌握】常量和变量 */;
			productType = "com.apple.product-type.tool";
		};
/* End PBXNativeTarget section */

/* Begin PBXProject section */
		0E07E1F81C22ADCC00798ADD /* Project object */ = {
			isa = PBXProject;
			attributes = {
				LastUpgradeCheck = 0700;
				ORGANIZATIONNAME = itcast;
				TargetAttributes = {
					0E07E1FF1C22ADCC00798ADD = {
						CreatedOnToolsVersion = 7.0;
					};
					0E07E20D1C22B1BA00798ADD = {
						CreatedOnToolsVersion = 7.0;
					};
				};
			};
			buildConfigurationList = 0E07E1FB1C22ADCC00798ADD /* Build configuration list for PBXProject "day02备课代码" */;
			compatibilityVersion = "Xcode 3.2";
			developmentRegion = English;
			hasScannedForEncodings = 0;
			knownRegions = (
				en,
			);
			mainGroup = 0E07E1F71C22ADCC00798ADD;
			productRefGroup = 0E07E2011C22ADCC00798ADD /* Products */;
			projectDirPath = "";
			projectRoot = "";
			targets = (
				0E07E1FF1C22ADCC00798ADD /* day02备课代码 */,
				0E07E20D1C22B1BA00798ADD /* 1-【掌握】常量和变量 */,
			);
		};
/* End PBXProject section */

/* Begin PBXSourcesBuildPhase section */
		0E07E1FC1C22ADCC00798ADD /* Sources */ = {
			isa = PBXSourcesBuildPhase;
			buildActionMask = 2147483647;
			files = (
				0E07E2041C22ADCC00798ADD /* main.c in Sources */,
			);
			runOnlyForDeploymentPostprocessing = 0;
		};
		0E07E20A1C22B1BA00798ADD /* Sources */ = {
			isa = PBXSourcesBuildPhase;
			buildActionMask = 2147483647;
			files = (
				0E07E2111C22B1BA00798ADD /* main.c in Sources */,
			);
			runOnlyForDeploymentPostprocessing = 0;
		};
/* End PBXSourcesBuildPhase section */

/* Begin XCBuildConfiguration section */
		0E07E2051C22ADCC00798ADD /* Debug */ = {
			isa = XCBuildConfiguration;
			buildSettings = {
				ALWAYS_SEARCH_USER_PATHS = NO;
				CLANG_CXX_LANGUAGE_STANDARD = "gnu++0x";
				CLANG_CXX_LIBRARY = "libc++";
				CLANG_ENABLE_MODULES = YES;
				CLANG_ENABLE_OBJC_ARC = YES;
				CLANG_WARN_BOOL_CONVERSION = YES;
				CLANG_WARN_CONSTANT_CONVERSION = YES;
				CLANG_WARN_DIRECT_OBJC_ISA_USAGE = YES_ERROR;
				CLANG_WARN_EMPTY_BODY = YES;
				CLANG_WARN_ENUM_CONVERSION = YES;
				CLANG_WARN_INT_CONVERSION = YES;
				CLANG_WARN_OBJC_ROOT_CLASS = YES_ERROR;
				CLANG_WARN_UNREACHABLE_CODE = YES;
				CLANG_WARN__DUPLICATE_METHOD_MATCH = YES;
				COPY_PHASE_STRIP = NO;
				DEBUG_INFORMATION_FORMAT = dwarf;
				ENABLE_STRICT_OBJC_MSGSEND = YES;
				ENABLE_TESTABILITY = YES;
				GCC_C_LANGUAGE_STANDARD = gnu99;
				GCC_DYNAMIC_NO_PIC = NO;
				GCC_NO_COMMON_BLOCKS = YES;
				GCC_OPTIMIZATION_LEVEL = 0;
				GCC_PREPROCESSOR_DEFINITIONS = (
					"DEBUG=1",
					"$(inherited)",
				);
				GCC_WARN_64_TO_32_BIT_CONVERSION = YES;
				GCC_WARN_ABOUT_RETURN_TYPE = YES_ERROR;
				GCC_WARN_UNDECLARED_SELECTOR = YES;
				GCC_WARN_UNINITIALIZED_AUTOS = YES_AGGRESSIVE;
				GCC_WARN_UNUSED_FUNCTION = YES;
				GCC_WARN_UNUSED_VARIABLE = YES;
				MACOSX_DEPLOYMENT_TARGET = 10.11;
				MTL_ENABLE_DEBUG_INFO = YES;
				ONLY_ACTIVE_ARCH = YES;
				SDKROOT = macosx;
			};
			name = Debug;
		};
		0E07E2061C22ADCC00798ADD /* Release */ = {
			isa = XCBuildConfiguration;
			buildSettings = {
				ALWAYS_SEARCH_USER_PATHS = NO;
				CLANG_CXX_LANGUAGE_STANDARD = "gnu++0x";
				CLANG_CXX_LIBRARY = "libc++";
				CLANG_ENABLE_MODULES = YES;
				CLANG_ENABLE_OBJC_ARC = YES;
				CLANG_WARN_BOOL_CONVERSION = YES;
				CLANG_WARN_CONSTANT_CONVERSION = YES;
				CLANG_WARN_DIRECT_OBJC_ISA_USAGE = YES_ERROR;
				CLANG_WARN_EMPTY_BODY = YES;
				CLANG_WARN_ENUM_CONVERSION = YES;
				CLANG_WARN_INT_CONVERSION = YES;
				CLANG_WARN_OBJC_ROOT_CLASS = YES_ERROR;
				CLANG_WARN_UNREACHABLE_CODE = YES;
				CLANG_WARN__DUPLICATE_METHOD_MATCH = YES;
				COPY_PHASE_STRIP = NO;
				DEBUG_INFORMATION_FORMAT = "dwarf-with-dsym";
				ENABLE_NS_ASSERTIONS = NO;
				ENABLE_STRICT_OBJC_MSGSEND = YES;
				GCC_C_LANGUAGE_STANDARD = gnu99;
				GCC_NO_COMMON_BLOCKS = YES;
				GCC_WARN_64_TO_32_BIT_CONVERSION = YES;
				GCC_WARN_ABOUT_RETURN_TYPE = YES_ERROR;
				GCC_WARN_UNDECLARED_SELECTOR = YES;
				GCC_WARN_UNINITIALIZED_AUTOS = YES_AGGRESSIVE;
				GCC_WARN_UNUSED_FUNCTION = YES;
				GCC_WARN_UNUSED_VARIABLE = YES;
				MACOSX_DEPLOYMENT_TARGET = 10.11;
				MTL_ENABLE_DEBUG_INFO = NO;
				SDKROOT = macosx;
			};
			name = Release;
		};
		0E07E2081C22ADCC00798ADD /* Debug */ = {
			isa = XCBuildConfiguration;
			buildSettings = {
				PRODUCT_NAME = "$(TARGET_NAME)";
			};
			name = Debug;
		};
		0E07E2091C22ADCC00798ADD /* Release */ = {
			isa = XCBuildConfiguration;
			buildSettings = {
				PRODUCT_NAME = "$(TARGET_NAME)";
			};
			name = Release;
		};
		0E07E2131C22B1BA00798ADD /* Debug */ = {
			isa = XCBuildConfiguration;
			buildSettings = {
				PRODUCT_NAME = "$(TARGET_NAME)";
			};
			name = Debug;
		};
		0E07E2141C22B1BA00798ADD /* Release */ = {
			isa = XCBuildConfiguration;
			buildSettings = {
				PRODUCT_NAME = "$(TARGET_NAME)";
			};
			name = Release;
		};
/* End XCBuildConfiguration section */

/* Begin XCConfigurationList section */
		0E07E1FB1C22ADCC00798ADD /* Build configuration list for PBXProject "day02备课代码" */ = {
			isa = XCConfigurationList;
			buildConfigurations = (
				0E07E2051C22ADCC00798ADD /* Debug */,
				0E07E2061C22ADCC00798ADD /* Release */,
			);
			defaultConfigurationIsVisible = 0;
			defaultConfigurationName = Release;
		};
		0E07E2071C22ADCC00798ADD /* Build configuration list for PBXNativeTarget "day02备课代码" */ = {
			isa = XCConfigurationList;
			buildConfigurations = (
				0E07E2081C22ADCC00798ADD /* Debug */,
				0E07E2091C22ADCC00798ADD /* Release */,
			);
			defaultConfigurationIsVisible = 0;
		};
		0E07E2121C22B1BA00798ADD /* Build configuration list for PBXNativeTarget "1-【掌握】常量和变量" */ = {
			isa = XCConfigurationList;
			buildConfigurations = (
				0E07E2131C22B1BA00798ADD /* Debug */,
				0E07E2141C22B1BA00798ADD /* Release */,
			);
			defaultConfigurationIsVisible = 0;
		};
/* End XCConfigurationList section */
	};
	rootObject = 0E07E1F81C22ADCC00798ADD /* Project object */;
}
