// !$*UTF8*$!
{
	archiveVersion = 1;
	classes = {
	};
	objectVersion = 46;
	objects = {

/* Begin PBXBuildFile section */
		0E18D5991C51F9BE00BFC3EA /* main.m in Sources */ = {isa = PBXBuildFile; fileRef = 0E18D5981C51F9BE00BFC3EA /* main.m */; };
		0E18D59F1C51FA6C00BFC3EA /* Person.m in Sources */ = {isa = PBXBuildFile; fileRef = 0E18D59E1C51FA6C00BFC3EA /* Person.m */; settings = {ASSET_TAGS = (); }; };
		0E30C1191C461ABC00E5B186 /* main.m in Sources */ = {isa = PBXBuildFile; fileRef = 0E30C1181C461ABC00E5B186 /* main.m */; };
		0E30C1261C461AD400E5B186 /* main.m in Sources */ = {isa = PBXBuildFile; fileRef = 0E30C1251C461AD400E5B186 /* main.m */; };
		0E30C12C1C461FB800E5B186 /* Person.m in Sources */ = {isa = PBXBuildFile; fileRef = 0E30C12B1C461FB800E5B186 /* Person.m */; settings = {ASSET_TAGS = (); }; };
		0E30C1341C46208000E5B186 /* main.m in Sources */ = {isa = PBXBuildFile; fileRef = 0E30C1331C46208000E5B186 /* main.m */; };
		0E30C13A1C4620B500E5B186 /* Person.m in Sources */ = {isa = PBXBuildFile; fileRef = 0E30C1391C4620B500E5B186 /* Person.m */; settings = {ASSET_TAGS = (); }; };
		0E30C1421C4625CD00E5B186 /* main.m in Sources */ = {isa = PBXBuildFile; fileRef = 0E30C1411C4625CD00E5B186 /* main.m */; };
		0E30C1481C46261300E5B186 /* Car.m in Sources */ = {isa = PBXBuildFile; fileRef = 0E30C1471C46261300E5B186 /* Car.m */; settings = {ASSET_TAGS = (); }; };
		0E30C1501C462C8200E5B186 /* main.m in Sources */ = {isa = PBXBuildFile; fileRef = 0E30C14F1C462C8200E5B186 /* main.m */; };
		0E30C1561C462DB500E5B186 /* Dog.m in Sources */ = {isa = PBXBuildFile; fileRef = 0E30C1551C462DB500E5B186 /* Dog.m */; settings = {ASSET_TAGS = (); }; };
		0E30C15E1C46304E00E5B186 /* main.m in Sources */ = {isa = PBXBuildFile; fileRef = 0E30C15D1C46304E00E5B186 /* main.m */; };
		0E30C1641C4633B600E5B186 /* Dog.m in Sources */ = {isa = PBXBuildFile; fileRef = 0E30C1631C4633B600E5B186 /* Dog.m */; settings = {ASSET_TAGS = (); }; };
		0E6BA7EB1C4699F00057866D /* main.m in Sources */ = {isa = PBXBuildFile; fileRef = 0E6BA7EA1C4699F00057866D /* main.m */; };
		0E6BA7F11C469A4E0057866D /* Student.m in Sources */ = {isa = PBXBuildFile; fileRef = 0E6BA7F01C469A4E0057866D /* Student.m */; settings = {ASSET_TAGS = (); }; };
		0E6BA7F41C469AC10057866D /* Teacher.m in Sources */ = {isa = PBXBuildFile; fileRef = 0E6BA7F31C469AC10057866D /* Teacher.m */; settings = {ASSET_TAGS = (); }; };
		0E6BA7F81C469B9A0057866D /* Person.m in Sources */ = {isa = PBXBuildFile; fileRef = 0E6BA7F71C469B9A0057866D /* Person.m */; settings = {ASSET_TAGS = (); }; };
		0E6BA7FB1C469C0F0057866D /* SchoolMaster.m in Sources */ = {isa = PBXBuildFile; fileRef = 0E6BA7FA1C469C0F0057866D /* SchoolMaster.m */; settings = {ASSET_TAGS = (); }; };
		0E6BA8031C46A4750057866D /* main.m in Sources */ = {isa = PBXBuildFile; fileRef = 0E6BA8021C46A4750057866D /* main.m */; };
		0E6BA80C1C46AB560057866D /* Father.m in Sources */ = {isa = PBXBuildFile; fileRef = 0E6BA80B1C46AB560057866D /* Father.m */; settings = {ASSET_TAGS = (); }; };
		0E6BA80F1C46AC0B0057866D /* Son.m in Sources */ = {isa = PBXBuildFile; fileRef = 0E6BA80E1C46AC0B0057866D /* Son.m */; settings = {ASSET_TAGS = (); }; };
		0E6BA8171C46C2CB0057866D /* main.m in Sources */ = {isa = PBXBuildFile; fileRef = 0E6BA8161C46C2CB0057866D /* main.m */; };
		0E6BA81D1C46C3EC0057866D /* Animal.m in Sources */ = {isa = PBXBuildFile; fileRef = 0E6BA81C1C46C3EC0057866D /* Animal.m */; settings = {ASSET_TAGS = (); }; };
		0E6BA8201C46C4320057866D /* Dog.m in Sources */ = {isa = PBXBuildFile; fileRef = 0E6BA81F1C46C4320057866D /* Dog.m */; settings = {ASSET_TAGS = (); }; };
		0E6BA8231C46C4800057866D /* ShoutSkyDog.m in Sources */ = {isa = PBXBuildFile; fileRef = 0E6BA8221C46C4800057866D /* ShoutSkyDog.m */; settings = {ASSET_TAGS = (); }; };
		0E6BA82B1C46D7E40057866D /* main.m in Sources */ = {isa = PBXBuildFile; fileRef = 0E6BA82A1C46D7E40057866D /* main.m */; };
		0E6BA8311C46D8C30057866D /* Car.m in Sources */ = {isa = PBXBuildFile; fileRef = 0E6BA8301C46D8C30057866D /* Car.m */; settings = {ASSET_TAGS = (); }; };
		0E6BA8341C46DB1E0057866D /* BigCar.m in Sources */ = {isa = PBXBuildFile; fileRef = 0E6BA8331C46DB1E0057866D /* BigCar.m */; settings = {ASSET_TAGS = (); }; };
		0E6BA83C1C4745910057866D /* main.m in Sources */ = {isa = PBXBuildFile; fileRef = 0E6BA83B1C4745910057866D /* main.m */; };
		0E6BA8421C4746BB0057866D /* Animal.m in Sources */ = {isa = PBXBuildFile; fileRef = 0E6BA8411C4746BB0057866D /* Animal.m */; settings = {ASSET_TAGS = (); }; };
		0E6BA84A1C475D950057866D /* main.m in Sources */ = {isa = PBXBuildFile; fileRef = 0E6BA8491C475D950057866D /* main.m */; };
		0E6BA8501C475E2B0057866D /* Person.m in Sources */ = {isa = PBXBuildFile; fileRef = 0E6BA84F1C475E2B0057866D /* Person.m */; settings = {ASSET_TAGS = (); }; };
		0E6BA8531C47604D0057866D /* Student.m in Sources */ = {isa = PBXBuildFile; fileRef = 0E6BA8521C47604D0057866D /* Student.m */; settings = {ASSET_TAGS = (); }; };
		0E6BA85B1C476C150057866D /* main.m in Sources */ = {isa = PBXBuildFile; fileRef = 0E6BA85A1C476C150057866D /* main.m */; };
		0E6BA8611C476CAB0057866D /* Person.m in Sources */ = {isa = PBXBuildFile; fileRef = 0E6BA8601C476CAB0057866D /* Person.m */; settings = {ASSET_TAGS = (); }; };
		0E6BA8641C476DF00057866D /* Student.m in Sources */ = {isa = PBXBuildFile; fileRef = 0E6BA8631C476DF00057866D /* Student.m */; settings = {ASSET_TAGS = (); }; };
		0E6BA86C1C4795BE0057866D /* main.m in Sources */ = {isa = PBXBuildFile; fileRef = 0E6BA86B1C4795BE0057866D /* main.m */; };
		0E6BA8721C4795F10057866D /* Person.m in Sources */ = {isa = PBXBuildFile; fileRef = 0E6BA8711C4795F10057866D /* Person.m */; settings = {ASSET_TAGS = (); }; };
		0E6BA87A1C47C4B30057866D /* main.m in Sources */ = {isa = PBXBuildFile; fileRef = 0E6BA8791C47C4B30057866D /* main.m */; };
		0E6BA8801C47C9E60057866D /* Person.m in Sources */ = {isa = PBXBuildFile; fileRef = 0E6BA87F1C47C9E60057866D /* Person.m */; settings = {ASSET_TAGS = (); }; };
		0E6BA8831C47CA420057866D /* American.m in Sources */ = {isa = PBXBuildFile; fileRef = 0E6BA8821C47CA420057866D /* American.m */; settings = {ASSET_TAGS = (); }; };
		0E6BA8861C47CA740057866D /* Japanese.m in Sources */ = {isa = PBXBuildFile; fileRef = 0E6BA8851C47CA740057866D /* Japanese.m */; settings = {ASSET_TAGS = (); }; };
		0E6BA8891C47CABE0057866D /* Korean.m in Sources */ = {isa = PBXBuildFile; fileRef = 0E6BA8881C47CABE0057866D /* Korean.m */; settings = {ASSET_TAGS = (); }; };
		0E6BA8911C47DF9D0057866D /* main.m in Sources */ = {isa = PBXBuildFile; fileRef = 0E6BA8901C47DF9D0057866D /* main.m */; };
		0E6BA8971C47E59D0057866D /* Person.m in Sources */ = {isa = PBXBuildFile; fileRef = 0E6BA8961C47E59D0057866D /* Person.m */; settings = {ASSET_TAGS = (); }; };
		0E6BA8AA1C4802340057866D /* main.m in Sources */ = {isa = PBXBuildFile; fileRef = 0E6BA8A91C4802340057866D /* main.m */; };
		0E6BA8B01C4807300057866D /* Dog.m in Sources */ = {isa = PBXBuildFile; fileRef = 0E6BA8AF1C4807300057866D /* Dog.m */; settings = {ASSET_TAGS = (); }; };
/* End PBXBuildFile section */

/* Begin PBXCopyFilesBuildPhase section */
		0E18D5941C51F9BE00BFC3EA /* CopyFiles */ = {
			isa = PBXCopyFilesBuildPhase;
			buildActionMask = 2147483647;
			dstPath = /usr/share/man/man1/;
			dstSubfolderSpec = 0;
			files = (
			);
			runOnlyForDeploymentPostprocessing = 1;
		};
		0E30C1131C461ABC00E5B186 /* CopyFiles */ = {
			isa = PBXCopyFilesBuildPhase;
			buildActionMask = 2147483647;
			dstPath = /usr/share/man/man1/;
			dstSubfolderSpec = 0;
			files = (
			);
			runOnlyForDeploymentPostprocessing = 1;
		};
		0E30C1211C461AD400E5B186 /* CopyFiles */ = {
			isa = PBXCopyFilesBuildPhase;
			buildActionMask = 2147483647;
			dstPath = /usr/share/man/man1/;
			dstSubfolderSpec = 0;
			files = (
			);
			runOnlyForDeploymentPostprocessing = 1;
		};
		0E30C12F1C46208000E5B186 /* CopyFiles */ = {
			isa = PBXCopyFilesBuildPhase;
			buildActionMask = 2147483647;
			dstPath = /usr/share/man/man1/;
			dstSubfolderSpec = 0;
			files = (
			);
			runOnlyForDeploymentPostprocessing = 1;
		};
		0E30C13D1C4625CD00E5B186 /* CopyFiles */ = {
			isa = PBXCopyFilesBuildPhase;
			buildActionMask = 2147483647;
			dstPath = /usr/share/man/man1/;
			dstSubfolderSpec = 0;
			files = (
			);
			runOnlyForDeploymentPostprocessing = 1;
		};
		0E30C14B1C462C8200E5B186 /* CopyFiles */ = {
			isa = PBXCopyFilesBuildPhase;
			buildActionMask = 2147483647;
			dstPath = /usr/share/man/man1/;
			dstSubfolderSpec = 0;
			files = (
			);
			runOnlyForDeploymentPostprocessing = 1;
		};
		0E30C1591C46304E00E5B186 /* CopyFiles */ = {
			isa = PBXCopyFilesBuildPhase;
			buildActionMask = 2147483647;
			dstPath = /usr/share/man/man1/;
			dstSubfolderSpec = 0;
			files = (
			);
			runOnlyForDeploymentPostprocessing = 1;
		};
		0E6BA7E61C4699F00057866D /* CopyFiles */ = {
			isa = PBXCopyFilesBuildPhase;
			buildActionMask = 2147483647;
			dstPath = /usr/share/man/man1/;
			dstSubfolderSpec = 0;
			files = (
			);
			runOnlyForDeploymentPostprocessing = 1;
		};
		0E6BA7FE1C46A4750057866D /* CopyFiles */ = {
			isa = PBXCopyFilesBuildPhase;
			buildActionMask = 2147483647;
			dstPath = /usr/share/man/man1/;
			dstSubfolderSpec = 0;
			files = (
			);
			runOnlyForDeploymentPostprocessing = 1;
		};
		0E6BA8121C46C2CB0057866D /* CopyFiles */ = {
			isa = PBXCopyFilesBuildPhase;
			buildActionMask = 2147483647;
			dstPath = /usr/share/man/man1/;
			dstSubfolderSpec = 0;
			files = (
			);
			runOnlyForDeploymentPostprocessing = 1;
		};
		0E6BA8261C46D7E40057866D /* CopyFiles */ = {
			isa = PBXCopyFilesBuildPhase;
			buildActionMask = 2147483647;
			dstPath = /usr/share/man/man1/;
			dstSubfolderSpec = 0;
			files = (
			);
			runOnlyForDeploymentPostprocessing = 1;
		};
		0E6BA8371C4745910057866D /* CopyFiles */ = {
			isa = PBXCopyFilesBuildPhase;
			buildActionMask = 2147483647;
			dstPath = /usr/share/man/man1/;
			dstSubfolderSpec = 0;
			files = (
			);
			runOnlyForDeploymentPostprocessing = 1;
		};
		0E6BA8451C475D950057866D /* CopyFiles */ = {
			isa = PBXCopyFilesBuildPhase;
			buildActionMask = 2147483647;
			dstPath = /usr/share/man/man1/;
			dstSubfolderSpec = 0;
			files = (
			);
			runOnlyForDeploymentPostprocessing = 1;
		};
		0E6BA8561C476C150057866D /* CopyFiles */ = {
			isa = PBXCopyFilesBuildPhase;
			buildActionMask = 2147483647;
			dstPath = /usr/share/man/man1/;
			dstSubfolderSpec = 0;
			files = (
			);
			runOnlyForDeploymentPostprocessing = 1;
		};
		0E6BA8671C4795BE0057866D /* CopyFiles */ = {
			isa = PBXCopyFilesBuildPhase;
			buildActionMask = 2147483647;
			dstPath = /usr/share/man/man1/;
			dstSubfolderSpec = 0;
			files = (
			);
			runOnlyForDeploymentPostprocessing = 1;
		};
		0E6BA8751C47C4B30057866D /* CopyFiles */ = {
			isa = PBXCopyFilesBuildPhase;
			buildActionMask = 2147483647;
			dstPath = /usr/share/man/man1/;
			dstSubfolderSpec = 0;
			files = (
			);
			runOnlyForDeploymentPostprocessing = 1;
		};
		0E6BA88C1C47DF9D0057866D /* CopyFiles */ = {
			isa = PBXCopyFilesBuildPhase;
			buildActionMask = 2147483647;
			dstPath = /usr/share/man/man1/;
			dstSubfolderSpec = 0;
			files = (
			);
			runOnlyForDeploymentPostprocessing = 1;
		};
		0E6BA89A1C47E77A0057866D /* CopyFiles */ = {
			isa = PBXCopyFilesBuildPhase;
			buildActionMask = 2147483647;
			dstPath = /usr/share/man/man1/;
			dstSubfolderSpec = 0;
			files = (
			);
			runOnlyForDeploymentPostprocessing = 1;
		};
		0E6BA8A51C4802340057866D /* CopyFiles */ = {
			isa = PBXCopyFilesBuildPhase;
			buildActionMask = 2147483647;
			dstPath = /usr/share/man/man1/;
			dstSubfolderSpec = 0;
			files = (
			);
			runOnlyForDeploymentPostprocessing = 1;
		};
/* End PBXCopyFilesBuildPhase section */

/* Begin PBXFileReference section */
		0E18D5961C51F9BE00BFC3EA /* 21-【理解】SEL类型2 */ = {isa = PBXFileReference; explicitFileType = "compiled.mach-o.executable"; includeInIndex = 0; path = "21-【理解】SEL类型2"; sourceTree = BUILT_PRODUCTS_DIR; };
		0E18D5981C51F9BE00BFC3EA /* main.m */ = {isa = PBXFileReference; lastKnownFileType = sourcecode.c.objc; path = main.m; sourceTree = "<group>"; };
		0E18D59D1C51FA6C00BFC3EA /* Person.h */ = {isa = PBXFileReference; fileEncoding = 4; lastKnownFileType = sourcecode.c.h; path = Person.h; sourceTree = "<group>"; };
		0E18D59E1C51FA6C00BFC3EA /* Person.m */ = {isa = PBXFileReference; fileEncoding = 4; lastKnownFileType = sourcecode.c.objc; path = Person.m; sourceTree = "<group>"; };
		0E30C1151C461ABC00E5B186 /* ocday04 */ = {isa = PBXFileReference; explicitFileType = "compiled.mach-o.executable"; includeInIndex = 0; path = ocday04; sourceTree = BUILT_PRODUCTS_DIR; };
		0E30C1181C461ABC00E5B186 /* main.m */ = {isa = PBXFileReference; lastKnownFileType = sourcecode.c.objc; path = main.m; sourceTree = "<group>"; };
		0E30C1231C461AD400E5B186 /* 2-【了解】self和super关键字介绍 */ = {isa = PBXFileReference; explicitFileType = "compiled.mach-o.executable"; includeInIndex = 0; path = "2-【了解】self和super关键字介绍"; sourceTree = BUILT_PRODUCTS_DIR; };
		0E30C1251C461AD400E5B186 /* main.m */ = {isa = PBXFileReference; lastKnownFileType = sourcecode.c.objc; path = main.m; sourceTree = "<group>"; };
		0E30C12A1C461FB800E5B186 /* Person.h */ = {isa = PBXFileReference; fileEncoding = 4; lastKnownFileType = sourcecode.c.h; path = Person.h; sourceTree = "<group>"; };
		0E30C12B1C461FB800E5B186 /* Person.m */ = {isa = PBXFileReference; fileEncoding = 4; lastKnownFileType = sourcecode.c.objc; path = Person.m; sourceTree = "<group>"; };
		0E30C1311C46208000E5B186 /* 3-【掌握】self用在对象方法中 */ = {isa = PBXFileReference; explicitFileType = "compiled.mach-o.executable"; includeInIndex = 0; path = "3-【掌握】self用在对象方法中"; sourceTree = BUILT_PRODUCTS_DIR; };
		0E30C1331C46208000E5B186 /* main.m */ = {isa = PBXFileReference; lastKnownFileType = sourcecode.c.objc; path = main.m; sourceTree = "<group>"; };
		0E30C1381C4620B500E5B186 /* Person.h */ = {isa = PBXFileReference; fileEncoding = 4; lastKnownFileType = sourcecode.c.h; path = Person.h; sourceTree = "<group>"; };
		0E30C1391C4620B500E5B186 /* Person.m */ = {isa = PBXFileReference; fileEncoding = 4; lastKnownFileType = sourcecode.c.objc; path = Person.m; sourceTree = "<group>"; };
		0E30C13F1C4625CD00E5B186 /* 4-【掌握】self用在类方法中 */ = {isa = PBXFileReference; explicitFileType = "compiled.mach-o.executable"; includeInIndex = 0; path = "4-【掌握】self用在类方法中"; sourceTree = BUILT_PRODUCTS_DIR; };
		0E30C1411C4625CD00E5B186 /* main.m */ = {isa = PBXFileReference; lastKnownFileType = sourcecode.c.objc; path = main.m; sourceTree = "<group>"; };
		0E30C1461C46261300E5B186 /* Car.h */ = {isa = PBXFileReference; fileEncoding = 4; lastKnownFileType = sourcecode.c.h; path = Car.h; sourceTree = "<group>"; };
		0E30C1471C46261300E5B186 /* Car.m */ = {isa = PBXFileReference; fileEncoding = 4; lastKnownFileType = sourcecode.c.objc; path = Car.m; sourceTree = "<group>"; };
		0E30C14D1C462C8200E5B186 /* 5-【理解】self修饰变量 */ = {isa = PBXFileReference; explicitFileType = "compiled.mach-o.executable"; includeInIndex = 0; path = "5-【理解】self修饰变量"; sourceTree = BUILT_PRODUCTS_DIR; };
		0E30C14F1C462C8200E5B186 /* main.m */ = {isa = PBXFileReference; lastKnownFileType = sourcecode.c.objc; path = main.m; sourceTree = "<group>"; };
		0E30C1541C462DB500E5B186 /* Dog.h */ = {isa = PBXFileReference; fileEncoding = 4; lastKnownFileType = sourcecode.c.h; path = Dog.h; sourceTree = "<group>"; };
		0E30C1551C462DB500E5B186 /* Dog.m */ = {isa = PBXFileReference; fileEncoding = 4; lastKnownFileType = sourcecode.c.objc; path = Dog.m; sourceTree = "<group>"; };
		0E30C15B1C46304E00E5B186 /* 6-【理解】self使用总结和注意事项 */ = {isa = PBXFileReference; explicitFileType = "compiled.mach-o.executable"; includeInIndex = 0; path = "6-【理解】self使用总结和注意事项"; sourceTree = BUILT_PRODUCTS_DIR; };
		0E30C15D1C46304E00E5B186 /* main.m */ = {isa = PBXFileReference; lastKnownFileType = sourcecode.c.objc; path = main.m; sourceTree = "<group>"; };
		0E30C1621C4633B600E5B186 /* Dog.h */ = {isa = PBXFileReference; fileEncoding = 4; lastKnownFileType = sourcecode.c.h; path = Dog.h; sourceTree = "<group>"; };
		0E30C1631C4633B600E5B186 /* Dog.m */ = {isa = PBXFileReference; fileEncoding = 4; lastKnownFileType = sourcecode.c.objc; path = Dog.m; sourceTree = "<group>"; };
		0E6BA7E81C4699F00057866D /* 8-【掌握】继承的代码实现 */ = {isa = PBXFileReference; explicitFileType = "compiled.mach-o.executable"; includeInIndex = 0; path = "8-【掌握】继承的代码实现"; sourceTree = BUILT_PRODUCTS_DIR; };
		0E6BA7EA1C4699F00057866D /* main.m */ = {isa = PBXFileReference; lastKnownFileType = sourcecode.c.objc; path = main.m; sourceTree = "<group>"; };
		0E6BA7EF1C469A4E0057866D /* Student.h */ = {isa = PBXFileReference; fileEncoding = 4; lastKnownFileType = sourcecode.c.h; path = Student.h; sourceTree = "<group>"; };
		0E6BA7F01C469A4E0057866D /* Student.m */ = {isa = PBXFileReference; fileEncoding = 4; lastKnownFileType = sourcecode.c.objc; path = Student.m; sourceTree = "<group>"; };
		0E6BA7F21C469AC10057866D /* Teacher.h */ = {isa = PBXFileReference; fileEncoding = 4; lastKnownFileType = sourcecode.c.h; path = Teacher.h; sourceTree = "<group>"; };
		0E6BA7F31C469AC10057866D /* Teacher.m */ = {isa = PBXFileReference; fileEncoding = 4; lastKnownFileType = sourcecode.c.objc; path = Teacher.m; sourceTree = "<group>"; };
		0E6BA7F51C469AEC0057866D /* Gender.h */ = {isa = PBXFileReference; lastKnownFileType = sourcecode.c.h; path = Gender.h; sourceTree = "<group>"; };
		0E6BA7F61C469B9A0057866D /* Person.h */ = {isa = PBXFileReference; fileEncoding = 4; lastKnownFileType = sourcecode.c.h; path = Person.h; sourceTree = "<group>"; };
		0E6BA7F71C469B9A0057866D /* Person.m */ = {isa = PBXFileReference; fileEncoding = 4; lastKnownFileType = sourcecode.c.objc; path = Person.m; sourceTree = "<group>"; };
		0E6BA7F91C469C0F0057866D /* SchoolMaster.h */ = {isa = PBXFileReference; fileEncoding = 4; lastKnownFileType = sourcecode.c.h; path = SchoolMaster.h; sourceTree = "<group>"; };
		0E6BA7FA1C469C0F0057866D /* SchoolMaster.m */ = {isa = PBXFileReference; fileEncoding = 4; lastKnownFileType = sourcecode.c.objc; path = SchoolMaster.m; sourceTree = "<group>"; };
		0E6BA8001C46A4750057866D /* 9-【理解】基类和派生类之间的关系 */ = {isa = PBXFileReference; explicitFileType = "compiled.mach-o.executable"; includeInIndex = 0; path = "9-【理解】基类和派生类之间的关系"; sourceTree = BUILT_PRODUCTS_DIR; };
		0E6BA8021C46A4750057866D /* main.m */ = {isa = PBXFileReference; lastKnownFileType = sourcecode.c.objc; path = main.m; sourceTree = "<group>"; };
		0E6BA80A1C46AB560057866D /* Father.h */ = {isa = PBXFileReference; fileEncoding = 4; lastKnownFileType = sourcecode.c.h; path = Father.h; sourceTree = "<group>"; };
		0E6BA80B1C46AB560057866D /* Father.m */ = {isa = PBXFileReference; fileEncoding = 4; lastKnownFileType = sourcecode.c.objc; path = Father.m; sourceTree = "<group>"; };
		0E6BA80D1C46AC0B0057866D /* Son.h */ = {isa = PBXFileReference; fileEncoding = 4; lastKnownFileType = sourcecode.c.h; path = Son.h; sourceTree = "<group>"; };
		0E6BA80E1C46AC0B0057866D /* Son.m */ = {isa = PBXFileReference; fileEncoding = 4; lastKnownFileType = sourcecode.c.objc; path = Son.m; sourceTree = "<group>"; };
		0E6BA8141C46C2CB0057866D /* 10-【理解】继承的注意事项 */ = {isa = PBXFileReference; explicitFileType = "compiled.mach-o.executable"; includeInIndex = 0; path = "10-【理解】继承的注意事项"; sourceTree = BUILT_PRODUCTS_DIR; };
		0E6BA8161C46C2CB0057866D /* main.m */ = {isa = PBXFileReference; lastKnownFileType = sourcecode.c.objc; path = main.m; sourceTree = "<group>"; };
		0E6BA81B1C46C3EC0057866D /* Animal.h */ = {isa = PBXFileReference; fileEncoding = 4; lastKnownFileType = sourcecode.c.h; path = Animal.h; sourceTree = "<group>"; };
		0E6BA81C1C46C3EC0057866D /* Animal.m */ = {isa = PBXFileReference; fileEncoding = 4; lastKnownFileType = sourcecode.c.objc; path = Animal.m; sourceTree = "<group>"; };
		0E6BA81E1C46C4320057866D /* Dog.h */ = {isa = PBXFileReference; fileEncoding = 4; lastKnownFileType = sourcecode.c.h; path = Dog.h; sourceTree = "<group>"; };
		0E6BA81F1C46C4320057866D /* Dog.m */ = {isa = PBXFileReference; fileEncoding = 4; lastKnownFileType = sourcecode.c.objc; path = Dog.m; sourceTree = "<group>"; };
		0E6BA8211C46C4800057866D /* ShoutSkyDog.h */ = {isa = PBXFileReference; fileEncoding = 4; lastKnownFileType = sourcecode.c.h; path = ShoutSkyDog.h; sourceTree = "<group>"; };
		0E6BA8221C46C4800057866D /* ShoutSkyDog.m */ = {isa = PBXFileReference; fileEncoding = 4; lastKnownFileType = sourcecode.c.objc; path = ShoutSkyDog.m; sourceTree = "<group>"; };
		0E6BA8281C46D7E40057866D /* 11-【掌握】实例变量修饰符介绍 */ = {isa = PBXFileReference; explicitFileType = "compiled.mach-o.executable"; includeInIndex = 0; path = "11-【掌握】实例变量修饰符介绍"; sourceTree = BUILT_PRODUCTS_DIR; };
		0E6BA82A1C46D7E40057866D /* main.m */ = {isa = PBXFileReference; lastKnownFileType = sourcecode.c.objc; path = main.m; sourceTree = "<group>"; };
		0E6BA82F1C46D8C30057866D /* Car.h */ = {isa = PBXFileReference; fileEncoding = 4; lastKnownFileType = sourcecode.c.h; path = Car.h; sourceTree = "<group>"; };
		0E6BA8301C46D8C30057866D /* Car.m */ = {isa = PBXFileReference; fileEncoding = 4; lastKnownFileType = sourcecode.c.objc; path = Car.m; sourceTree = "<group>"; };
		0E6BA8321C46DB1E0057866D /* BigCar.h */ = {isa = PBXFileReference; fileEncoding = 4; lastKnownFileType = sourcecode.c.h; path = BigCar.h; sourceTree = "<group>"; };
		0E6BA8331C46DB1E0057866D /* BigCar.m */ = {isa = PBXFileReference; fileEncoding = 4; lastKnownFileType = sourcecode.c.objc; path = BigCar.m; sourceTree = "<group>"; };
		0E6BA8391C4745910057866D /* 13-【理解】OC中的私有变量 */ = {isa = PBXFileReference; explicitFileType = "compiled.mach-o.executable"; includeInIndex = 0; path = "13-【理解】OC中的私有变量"; sourceTree = BUILT_PRODUCTS_DIR; };
		0E6BA83B1C4745910057866D /* main.m */ = {isa = PBXFileReference; lastKnownFileType = sourcecode.c.objc; path = main.m; sourceTree = "<group>"; };
		0E6BA8401C4746BB0057866D /* Animal.h */ = {isa = PBXFileReference; fileEncoding = 4; lastKnownFileType = sourcecode.c.h; path = Animal.h; sourceTree = "<group>"; };
		0E6BA8411C4746BB0057866D /* Animal.m */ = {isa = PBXFileReference; fileEncoding = 4; lastKnownFileType = sourcecode.c.objc; path = Animal.m; sourceTree = "<group>"; };
		0E6BA8471C475D950057866D /* 13-【理解】OC中的私有变量2 */ = {isa = PBXFileReference; explicitFileType = "compiled.mach-o.executable"; includeInIndex = 0; path = "13-【理解】OC中的私有变量2"; sourceTree = BUILT_PRODUCTS_DIR; };
		0E6BA8491C475D950057866D /* main.m */ = {isa = PBXFileReference; lastKnownFileType = sourcecode.c.objc; path = main.m; sourceTree = "<group>"; };
		0E6BA84E1C475E2B0057866D /* Person.h */ = {isa = PBXFileReference; fileEncoding = 4; lastKnownFileType = sourcecode.c.h; path = Person.h; sourceTree = "<group>"; };
		0E6BA84F1C475E2B0057866D /* Person.m */ = {isa = PBXFileReference; fileEncoding = 4; lastKnownFileType = sourcecode.c.objc; path = Person.m; sourceTree = "<group>"; };
		0E6BA8511C47604D0057866D /* Student.h */ = {isa = PBXFileReference; fileEncoding = 4; lastKnownFileType = sourcecode.c.h; path = Student.h; sourceTree = "<group>"; };
		0E6BA8521C47604D0057866D /* Student.m */ = {isa = PBXFileReference; fileEncoding = 4; lastKnownFileType = sourcecode.c.objc; path = Student.m; sourceTree = "<group>"; };
		0E6BA8581C476C150057866D /* 14-【掌握】OC中的私有(相对私有)方法 */ = {isa = PBXFileReference; explicitFileType = "compiled.mach-o.executable"; includeInIndex = 0; path = "14-【掌握】OC中的私有(相对私有)方法"; sourceTree = BUILT_PRODUCTS_DIR; };
		0E6BA85A1C476C150057866D /* main.m */ = {isa = PBXFileReference; lastKnownFileType = sourcecode.c.objc; path = main.m; sourceTree = "<group>"; };
		0E6BA85F1C476CAB0057866D /* Person.h */ = {isa = PBXFileReference; fileEncoding = 4; lastKnownFileType = sourcecode.c.h; path = Person.h; sourceTree = "<group>"; };
		0E6BA8601C476CAB0057866D /* Person.m */ = {isa = PBXFileReference; fileEncoding = 4; lastKnownFileType = sourcecode.c.objc; path = Person.m; sourceTree = "<group>"; };
		0E6BA8621C476DF00057866D /* Student.h */ = {isa = PBXFileReference; fileEncoding = 4; lastKnownFileType = sourcecode.c.h; path = Student.h; sourceTree = "<group>"; };
		0E6BA8631C476DF00057866D /* Student.m */ = {isa = PBXFileReference; fileEncoding = 4; lastKnownFileType = sourcecode.c.objc; path = Student.m; sourceTree = "<group>"; };
		0E6BA8691C4795BE0057866D /* 15-【理解】description方法介绍及重写 */ = {isa = PBXFileReference; explicitFileType = "compiled.mach-o.executable"; includeInIndex = 0; path = "15-【理解】description方法介绍及重写"; sourceTree = BUILT_PRODUCTS_DIR; };
		0E6BA86B1C4795BE0057866D /* main.m */ = {isa = PBXFileReference; lastKnownFileType = sourcecode.c.objc; path = main.m; sourceTree = "<group>"; };
		0E6BA8701C4795F10057866D /* Person.h */ = {isa = PBXFileReference; fileEncoding = 4; lastKnownFileType = sourcecode.c.h; path = Person.h; sourceTree = "<group>"; };
		0E6BA8711C4795F10057866D /* Person.m */ = {isa = PBXFileReference; fileEncoding = 4; lastKnownFileType = sourcecode.c.objc; path = Person.m; sourceTree = "<group>"; };
		0E6BA8771C47C4B30057866D /* 16-【了解】多态的概念和条件 */ = {isa = PBXFileReference; explicitFileType = "compiled.mach-o.executable"; includeInIndex = 0; path = "16-【了解】多态的概念和条件"; sourceTree = BUILT_PRODUCTS_DIR; };
		0E6BA8791C47C4B30057866D /* main.m */ = {isa = PBXFileReference; lastKnownFileType = sourcecode.c.objc; path = main.m; sourceTree = "<group>"; };
		0E6BA87E1C47C9E60057866D /* Person.h */ = {isa = PBXFileReference; fileEncoding = 4; lastKnownFileType = sourcecode.c.h; path = Person.h; sourceTree = "<group>"; };
		0E6BA87F1C47C9E60057866D /* Person.m */ = {isa = PBXFileReference; fileEncoding = 4; lastKnownFileType = sourcecode.c.objc; path = Person.m; sourceTree = "<group>"; };
		0E6BA8811C47CA420057866D /* American.h */ = {isa = PBXFileReference; fileEncoding = 4; lastKnownFileType = sourcecode.c.h; path = American.h; sourceTree = "<group>"; };
		0E6BA8821C47CA420057866D /* American.m */ = {isa = PBXFileReference; fileEncoding = 4; lastKnownFileType = sourcecode.c.objc; path = American.m; sourceTree = "<group>"; };
		0E6BA8841C47CA740057866D /* Japanese.h */ = {isa = PBXFileReference; fileEncoding = 4; lastKnownFileType = sourcecode.c.h; path = Japanese.h; sourceTree = "<group>"; };
		0E6BA8851C47CA740057866D /* Japanese.m */ = {isa = PBXFileReference; fileEncoding = 4; lastKnownFileType = sourcecode.c.objc; path = Japanese.m; sourceTree = "<group>"; };
		0E6BA8871C47CABE0057866D /* Korean.h */ = {isa = PBXFileReference; fileEncoding = 4; lastKnownFileType = sourcecode.c.h; path = Korean.h; sourceTree = "<group>"; };
		0E6BA8881C47CABE0057866D /* Korean.m */ = {isa = PBXFileReference; fileEncoding = 4; lastKnownFileType = sourcecode.c.objc; path = Korean.m; sourceTree = "<group>"; };
		0E6BA88E1C47DF9D0057866D /* 18-【了解】类的本质 */ = {isa = PBXFileReference; explicitFileType = "compiled.mach-o.executable"; includeInIndex = 0; path = "18-【了解】类的本质"; sourceTree = BUILT_PRODUCTS_DIR; };
		0E6BA8901C47DF9D0057866D /* main.m */ = {isa = PBXFileReference; lastKnownFileType = sourcecode.c.objc; path = main.m; sourceTree = "<group>"; };
		0E6BA8951C47E59D0057866D /* Person.h */ = {isa = PBXFileReference; fileEncoding = 4; lastKnownFileType = sourcecode.c.h; path = Person.h; sourceTree = "<group>"; };
		0E6BA8961C47E59D0057866D /* Person.m */ = {isa = PBXFileReference; fileEncoding = 4; lastKnownFileType = sourcecode.c.objc; path = Person.m; sourceTree = "<group>"; };
		0E6BA89C1C47E77A0057866D /* problem3 */ = {isa = PBXFileReference; explicitFileType = "compiled.mach-o.executable"; includeInIndex = 0; path = problem3; sourceTree = BUILT_PRODUCTS_DIR; };
		0E6BA8A71C4802340057866D /* 21-【理解】SEL类型 */ = {isa = PBXFileReference; explicitFileType = "compiled.mach-o.executable"; includeInIndex = 0; path = "21-【理解】SEL类型"; sourceTree = BUILT_PRODUCTS_DIR; };
		0E6BA8A91C4802340057866D /* main.m */ = {isa = PBXFileReference; lastKnownFileType = sourcecode.c.objc; path = main.m; sourceTree = "<group>"; };
		0E6BA8AE1C4807300057866D /* Dog.h */ = {isa = PBXFileReference; fileEncoding = 4; lastKnownFileType = sourcecode.c.h; path = Dog.h; sourceTree = "<group>"; };
		0E6BA8AF1C4807300057866D /* Dog.m */ = {isa = PBXFileReference; fileEncoding = 4; lastKnownFileType = sourcecode.c.objc; path = Dog.m; sourceTree = "<group>"; };
/* End PBXFileReference section */

/* Begin PBXFrameworksBuildPhase section */
		0E18D5931C51F9BE00BFC3EA /* Frameworks */ = {
			isa = PBXFrameworksBuildPhase;
			buildActionMask = 2147483647;
			files = (
			);
			runOnlyForDeploymentPostprocessing = 0;
		};
		0E30C1121C461ABC00E5B186 /* Frameworks */ = {
			isa = PBXFrameworksBuildPhase;
			buildActionMask = 2147483647;
			files = (
			);
			runOnlyForDeploymentPostprocessing = 0;
		};
		0E30C1201C461AD400E5B186 /* Frameworks */ = {
			isa = PBXFrameworksBuildPhase;
			buildActionMask = 2147483647;
			files = (
			);
			runOnlyForDeploymentPostprocessing = 0;
		};
		0E30C12E1C46208000E5B186 /* Frameworks */ = {
			isa = PBXFrameworksBuildPhase;
			buildActionMask = 2147483647;
			files = (
			);
			runOnlyForDeploymentPostprocessing = 0;
		};
		0E30C13C1C4625CD00E5B186 /* Frameworks */ = {
			isa = PBXFrameworksBuildPhase;
			buildActionMask = 2147483647;
			files = (
			);
			runOnlyForDeploymentPostprocessing = 0;
		};
		0E30C14A1C462C8200E5B186 /* Frameworks */ = {
			isa = PBXFrameworksBuildPhase;
			buildActionMask = 2147483647;
			files = (
			);
			runOnlyForDeploymentPostprocessing = 0;
		};
		0E30C1581C46304E00E5B186 /* Frameworks */ = {
			isa = PBXFrameworksBuildPhase;
			buildActionMask = 2147483647;
			files = (
			);
			runOnlyForDeploymentPostprocessing = 0;
		};
		0E6BA7E51C4699F00057866D /* Frameworks */ = {
			isa = PBXFrameworksBuildPhase;
			buildActionMask = 2147483647;
			files = (
			);
			runOnlyForDeploymentPostprocessing = 0;
		};
		0E6BA7FD1C46A4750057866D /* Frameworks */ = {
			isa = PBXFrameworksBuildPhase;
			buildActionMask = 2147483647;
			files = (
			);
			runOnlyForDeploymentPostprocessing = 0;
		};
		0E6BA8111C46C2CB0057866D /* Frameworks */ = {
			isa = PBXFrameworksBuildPhase;
			buildActionMask = 2147483647;
			files = (
			);
			runOnlyForDeploymentPostprocessing = 0;
		};
		0E6BA8251C46D7E40057866D /* Frameworks */ = {
			isa = PBXFrameworksBuildPhase;
			buildActionMask = 2147483647;
			files = (
			);
			runOnlyForDeploymentPostprocessing = 0;
		};
		0E6BA8361C4745910057866D /* Frameworks */ = {
			isa = PBXFrameworksBuildPhase;
			buildActionMask = 2147483647;
			files = (
			);
			runOnlyForDeploymentPostprocessing = 0;
		};
		0E6BA8441C475D950057866D /* Frameworks */ = {
			isa = PBXFrameworksBuildPhase;
			buildActionMask = 2147483647;
			files = (
			);
			runOnlyForDeploymentPostprocessing = 0;
		};
		0E6BA8551C476C150057866D /* Frameworks */ = {
			isa = PBXFrameworksBuildPhase;
			buildActionMask = 2147483647;
			files = (
			);
			runOnlyForDeploymentPostprocessing = 0;
		};
		0E6BA8661C4795BE0057866D /* Frameworks */ = {
			isa = PBXFrameworksBuildPhase;
			buildActionMask = 2147483647;
			files = (
			);
			runOnlyForDeploymentPostprocessing = 0;
		};
		0E6BA8741C47C4B30057866D /* Frameworks */ = {
			isa = PBXFrameworksBuildPhase;
			buildActionMask = 2147483647;
			files = (
			);
			runOnlyForDeploymentPostprocessing = 0;
		};
		0E6BA88B1C47DF9D0057866D /* Frameworks */ = {
			isa = PBXFrameworksBuildPhase;
			buildActionMask = 2147483647;
			files = (
			);
			runOnlyForDeploymentPostprocessing = 0;
		};
		0E6BA8991C47E77A0057866D /* Frameworks */ = {
			isa = PBXFrameworksBuildPhase;
			buildActionMask = 2147483647;
			files = (
			);
			runOnlyForDeploymentPostprocessing = 0;
		};
		0E6BA8A41C4802340057866D /* Frameworks */ = {
			isa = PBXFrameworksBuildPhase;
			buildActionMask = 2147483647;
			files = (
			);
			runOnlyForDeploymentPostprocessing = 0;
		};
/* End PBXFrameworksBuildPhase section */

/* Begin PBXGroup section */
		0E18D5971C51F9BE00BFC3EA /* 21-【理解】SEL类型2 */ = {
			isa = PBXGroup;
			children = (
				0E18D5981C51F9BE00BFC3EA /* main.m */,
				0E18D59D1C51FA6C00BFC3EA /* Person.h */,
				0E18D59E1C51FA6C00BFC3EA /* Person.m */,
			);
			path = "21-【理解】SEL类型2";
			sourceTree = "<group>";
		};
		0E30C10C1C461ABC00E5B186 = {
			isa = PBXGroup;
			children = (
				0E30C1171C461ABC00E5B186 /* ocday04 */,
				0E30C1241C461AD400E5B186 /* 2-【了解】self和super关键字介绍 */,
				0E30C1321C46208000E5B186 /* 3-【掌握】self用在对象方法中 */,
				0E30C1401C4625CD00E5B186 /* 4-【掌握】self用在类方法中 */,
				0E30C14E1C462C8200E5B186 /* 5-【理解】self修饰变量 */,
				0E30C15C1C46304E00E5B186 /* 6-【理解】self使用总结和注意事项 */,
				0E6BA7E91C4699F00057866D /* 8-【掌握】继承的代码实现 */,
				0E6BA8011C46A4750057866D /* 9-【理解】基类和派生类之间的关系 */,
				0E6BA8151C46C2CB0057866D /* 10-【理解】继承的注意事项 */,
				0E6BA8291C46D7E40057866D /* 11-【掌握】实例变量修饰符介绍 */,
				0E6BA83A1C4745910057866D /* 13-【理解】OC中的私有变量 */,
				0E6BA8481C475D950057866D /* 13-【理解】OC中的私有变量2 */,
				0E6BA8591C476C150057866D /* 14-【掌握】OC中的私有(相对私有)方法 */,
				0E6BA86A1C4795BE0057866D /* 15-【理解】description方法介绍及重写 */,
				0E6BA8781C47C4B30057866D /* 16-【了解】多态的概念和条件 */,
				0E6BA88F1C47DF9D0057866D /* 18-【了解】类的本质 */,
				0E6BA8A81C4802340057866D /* 21-【理解】SEL类型 */,
				0E18D5971C51F9BE00BFC3EA /* 21-【理解】SEL类型2 */,
				0E30C1161C461ABC00E5B186 /* Products */,
			);
			sourceTree = "<group>";
		};
		0E30C1161C461ABC00E5B186 /* Products */ = {
			isa = PBXGroup;
			children = (
				0E30C1151C461ABC00E5B186 /* ocday04 */,
				0E30C1231C461AD400E5B186 /* 2-【了解】self和super关键字介绍 */,
				0E30C1311C46208000E5B186 /* 3-【掌握】self用在对象方法中 */,
				0E30C13F1C4625CD00E5B186 /* 4-【掌握】self用在类方法中 */,
				0E30C14D1C462C8200E5B186 /* 5-【理解】self修饰变量 */,
				0E30C15B1C46304E00E5B186 /* 6-【理解】self使用总结和注意事项 */,
				0E6BA7E81C4699F00057866D /* 8-【掌握】继承的代码实现 */,
				0E6BA8001C46A4750057866D /* 9-【理解】基类和派生类之间的关系 */,
				0E6BA8141C46C2CB0057866D /* 10-【理解】继承的注意事项 */,
				0E6BA8281C46D7E40057866D /* 11-【掌握】实例变量修饰符介绍 */,
				0E6BA8391C4745910057866D /* 13-【理解】OC中的私有变量 */,
				0E6BA8471C475D950057866D /* 13-【理解】OC中的私有变量2 */,
				0E6BA8581C476C150057866D /* 14-【掌握】OC中的私有(相对私有)方法 */,
				0E6BA8691C4795BE0057866D /* 15-【理解】description方法介绍及重写 */,
				0E6BA8771C47C4B30057866D /* 16-【了解】多态的概念和条件 */,
				0E6BA88E1C47DF9D0057866D /* 18-【了解】类的本质 */,
				0E6BA89C1C47E77A0057866D /* problem3 */,
				0E6BA8A71C4802340057866D /* 21-【理解】SEL类型 */,
				0E18D5961C51F9BE00BFC3EA /* 21-【理解】SEL类型2 */,
			);
			name = Products;
			sourceTree = "<group>";
		};
		0E30C1171C461ABC00E5B186 /* ocday04 */ = {
			isa = PBXGroup;
			children = (
				0E30C1181C461ABC00E5B186 /* main.m */,
			);
			path = ocday04;
			sourceTree = "<group>";
		};
		0E30C1241C461AD400E5B186 /* 2-【了解】self和super关键字介绍 */ = {
			isa = PBXGroup;
			children = (
				0E30C1251C461AD400E5B186 /* main.m */,
				0E30C12A1C461FB800E5B186 /* Person.h */,
				0E30C12B1C461FB800E5B186 /* Person.m */,
			);
			path = "2-【了解】self和super关键字介绍";
			sourceTree = "<group>";
		};
		0E30C1321C46208000E5B186 /* 3-【掌握】self用在对象方法中 */ = {
			isa = PBXGroup;
			children = (
				0E30C1331C46208000E5B186 /* main.m */,
				0E30C1381C4620B500E5B186 /* Person.h */,
				0E30C1391C4620B500E5B186 /* Person.m */,
			);
			path = "3-【掌握】self用在对象方法中";
			sourceTree = "<group>";
		};
		0E30C1401C4625CD00E5B186 /* 4-【掌握】self用在类方法中 */ = {
			isa = PBXGroup;
			children = (
				0E30C1411C4625CD00E5B186 /* main.m */,
				0E30C1461C46261300E5B186 /* Car.h */,
				0E30C1471C46261300E5B186 /* Car.m */,
			);
			path = "4-【掌握】self用在类方法中";
			sourceTree = "<group>";
		};
		0E30C14E1C462C8200E5B186 /* 5-【理解】self修饰变量 */ = {
			isa = PBXGroup;
			children = (
				0E30C14F1C462C8200E5B186 /* main.m */,
				0E30C1541C462DB500E5B186 /* Dog.h */,
				0E30C1551C462DB500E5B186 /* Dog.m */,
			);
			path = "5-【理解】self修饰变量";
			sourceTree = "<group>";
		};
		0E30C15C1C46304E00E5B186 /* 6-【理解】self使用总结和注意事项 */ = {
			isa = PBXGroup;
			children = (
				0E30C15D1C46304E00E5B186 /* main.m */,
				0E30C1621C4633B600E5B186 /* Dog.h */,
				0E30C1631C4633B600E5B186 /* Dog.m */,
			);
			path = "6-【理解】self使用总结和注意事项";
			sourceTree = "<group>";
		};
		0E6BA7E91C4699F00057866D /* 8-【掌握】继承的代码实现 */ = {
			isa = PBXGroup;
			children = (
				0E6BA7EA1C4699F00057866D /* main.m */,
				0E6BA7EF1C469A4E0057866D /* Student.h */,
				0E6BA7F01C469A4E0057866D /* Student.m */,
				0E6BA7F21C469AC10057866D /* Teacher.h */,
				0E6BA7F31C469AC10057866D /* Teacher.m */,
				0E6BA7F51C469AEC0057866D /* Gender.h */,
				0E6BA7F61C469B9A0057866D /* Person.h */,
				0E6BA7F71C469B9A0057866D /* Person.m */,
				0E6BA7F91C469C0F0057866D /* SchoolMaster.h */,
				0E6BA7FA1C469C0F0057866D /* SchoolMaster.m */,
			);
			path = "8-【掌握】继承的代码实现";
			sourceTree = "<group>";
		};
		0E6BA8011C46A4750057866D /* 9-【理解】基类和派生类之间的关系 */ = {
			isa = PBXGroup;
			children = (
				0E6BA8021C46A4750057866D /* main.m */,
				0E6BA80A1C46AB560057866D /* Father.h */,
				0E6BA80B1C46AB560057866D /* Father.m */,
				0E6BA80D1C46AC0B0057866D /* Son.h */,
				0E6BA80E1C46AC0B0057866D /* Son.m */,
			);
			path = "9-【理解】基类和派生类之间的关系";
			sourceTree = "<group>";
		};
		0E6BA8151C46C2CB0057866D /* 10-【理解】继承的注意事项 */ = {
			isa = PBXGroup;
			children = (
				0E6BA8161C46C2CB0057866D /* main.m */,
				0E6BA81B1C46C3EC0057866D /* Animal.h */,
				0E6BA81C1C46C3EC0057866D /* Animal.m */,
				0E6BA81E1C46C4320057866D /* Dog.h */,
				0E6BA81F1C46C4320057866D /* Dog.m */,
				0E6BA8211C46C4800057866D /* ShoutSkyDog.h */,
				0E6BA8221C46C4800057866D /* ShoutSkyDog.m */,
			);
			path = "10-【理解】继承的注意事项";
			sourceTree = "<group>";
		};
		0E6BA8291C46D7E40057866D /* 11-【掌握】实例变量修饰符介绍 */ = {
			isa = PBXGroup;
			children = (
				0E6BA82A1C46D7E40057866D /* main.m */,
				0E6BA82F1C46D8C30057866D /* Car.h */,
				0E6BA8301C46D8C30057866D /* Car.m */,
				0E6BA8321C46DB1E0057866D /* BigCar.h */,
				0E6BA8331C46DB1E0057866D /* BigCar.m */,
			);
			path = "11-【掌握】实例变量修饰符介绍";
			sourceTree = "<group>";
		};
		0E6BA83A1C4745910057866D /* 13-【理解】OC中的私有变量 */ = {
			isa = PBXGroup;
			children = (
				0E6BA83B1C4745910057866D /* main.m */,
				0E6BA8401C4746BB0057866D /* Animal.h */,
				0E6BA8411C4746BB0057866D /* Animal.m */,
			);
			path = "13-【理解】OC中的私有变量";
			sourceTree = "<group>";
		};
		0E6BA8481C475D950057866D /* 13-【理解】OC中的私有变量2 */ = {
			isa = PBXGroup;
			children = (
				0E6BA8491C475D950057866D /* main.m */,
				0E6BA84E1C475E2B0057866D /* Person.h */,
				0E6BA84F1C475E2B0057866D /* Person.m */,
				0E6BA8511C47604D0057866D /* Student.h */,
				0E6BA8521C47604D0057866D /* Student.m */,
			);
			path = "13-【理解】OC中的私有变量2";
			sourceTree = "<group>";
		};
		0E6BA8591C476C150057866D /* 14-【掌握】OC中的私有(相对私有)方法 */ = {
			isa = PBXGroup;
			children = (
				0E6BA85A1C476C150057866D /* main.m */,
				0E6BA85F1C476CAB0057866D /* Person.h */,
				0E6BA8601C476CAB0057866D /* Person.m */,
				0E6BA8621C476DF00057866D /* Student.h */,
				0E6BA8631C476DF00057866D /* Student.m */,
			);
			path = "14-【掌握】OC中的私有(相对私有)方法";
			sourceTree = "<group>";
		};
		0E6BA86A1C4795BE0057866D /* 15-【理解】description方法介绍及重写 */ = {
			isa = PBXGroup;
			children = (
				0E6BA86B1C4795BE0057866D /* main.m */,
				0E6BA8701C4795F10057866D /* Person.h */,
				0E6BA8711C4795F10057866D /* Person.m */,
			);
			path = "15-【理解】description方法介绍及重写";
			sourceTree = "<group>";
		};
		0E6BA8781C47C4B30057866D /* 16-【了解】多态的概念和条件 */ = {
			isa = PBXGroup;
			children = (
				0E6BA8791C47C4B30057866D /* main.m */,
				0E6BA87E1C47C9E60057866D /* Person.h */,
				0E6BA87F1C47C9E60057866D /* Person.m */,
				0E6BA8811C47CA420057866D /* American.h */,
				0E6BA8821C47CA420057866D /* American.m */,
				0E6BA8841C47CA740057866D /* Japanese.h */,
				0E6BA8851C47CA740057866D /* Japanese.m */,
				0E6BA8871C47CABE0057866D /* Korean.h */,
				0E6BA8881C47CABE0057866D /* Korean.m */,
			);
			path = "16-【了解】多态的概念和条件";
			sourceTree = "<group>";
		};
		0E6BA88F1C47DF9D0057866D /* 18-【了解】类的本质 */ = {
			isa = PBXGroup;
			children = (
				0E6BA8901C47DF9D0057866D /* main.m */,
				0E6BA8951C47E59D0057866D /* Person.h */,
				0E6BA8961C47E59D0057866D /* Person.m */,
			);
			path = "18-【了解】类的本质";
			sourceTree = "<group>";
		};
		0E6BA8A81C4802340057866D /* 21-【理解】SEL类型 */ = {
			isa = PBXGroup;
			children = (
				0E6BA8A91C4802340057866D /* main.m */,
				0E6BA8AE1C4807300057866D /* Dog.h */,
				0E6BA8AF1C4807300057866D /* Dog.m */,
			);
			path = "21-【理解】SEL类型";
			sourceTree = "<group>";
		};
/* End PBXGroup section */

/* Begin PBXNativeTarget section */
		0E18D5951C51F9BE00BFC3EA /* 21-【理解】SEL类型2 */ = {
			isa = PBXNativeTarget;
			buildConfigurationList = 0E18D59C1C51F9BE00BFC3EA /* Build configuration list for PBXNativeTarget "21-【理解】SEL类型2" */;
			buildPhases = (
				0E18D5921C51F9BE00BFC3EA /* Sources */,
				0E18D5931C51F9BE00BFC3EA /* Frameworks */,
				0E18D5941C51F9BE00BFC3EA /* CopyFiles */,
			);
			buildRules = (
			);
			dependencies = (
			);
			name = "21-【理解】SEL类型2";
			productName = "21-【理解】SEL类型2";
			productReference = 0E18D5961C51F9BE00BFC3EA /* 21-【理解】SEL类型2 */;
			productType = "com.apple.product-type.tool";
		};
		0E30C1141C461ABC00E5B186 /* ocday04 */ = {
			isa = PBXNativeTarget;
			buildConfigurationList = 0E30C11C1C461ABC00E5B186 /* Build configuration list for PBXNativeTarget "ocday04" */;
			buildPhases = (
				0E30C1111C461ABC00E5B186 /* Sources */,
				0E30C1121C461ABC00E5B186 /* Frameworks */,
				0E30C1131C461ABC00E5B186 /* CopyFiles */,
			);
			buildRules = (
			);
			dependencies = (
			);
			name = ocday04;
			productName = ocday04;
			productReference = 0E30C1151C461ABC00E5B186 /* ocday04 */;
			productType = "com.apple.product-type.tool";
		};
		0E30C1221C461AD400E5B186 /* 2-【了解】self和super关键字介绍 */ = {
			isa = PBXNativeTarget;
			buildConfigurationList = 0E30C1271C461AD400E5B186 /* Build configuration list for PBXNativeTarget "2-【了解】self和super关键字介绍" */;
			buildPhases = (
				0E30C11F1C461AD400E5B186 /* Sources */,
				0E30C1201C461AD400E5B186 /* Frameworks */,
				0E30C1211C461AD400E5B186 /* CopyFiles */,
			);
			buildRules = (
			);
			dependencies = (
			);
			name = "2-【了解】self和super关键字介绍";
			productName = "2-【了解】self和super关键字介绍";
			productReference = 0E30C1231C461AD400E5B186 /* 2-【了解】self和super关键字介绍 */;
			productType = "com.apple.product-type.tool";
		};
		0E30C1301C46208000E5B186 /* 3-【掌握】self用在对象方法中 */ = {
			isa = PBXNativeTarget;
			buildConfigurationList = 0E30C1351C46208000E5B186 /* Build configuration list for PBXNativeTarget "3-【掌握】self用在对象方法中" */;
			buildPhases = (
				0E30C12D1C46208000E5B186 /* Sources */,
				0E30C12E1C46208000E5B186 /* Frameworks */,
				0E30C12F1C46208000E5B186 /* CopyFiles */,
			);
			buildRules = (
			);
			dependencies = (
			);
			name = "3-【掌握】self用在对象方法中";
			productName = "3-【掌握】self用在对象方法中";
			productReference = 0E30C1311C46208000E5B186 /* 3-【掌握】self用在对象方法中 */;
			productType = "com.apple.product-type.tool";
		};
		0E30C13E1C4625CD00E5B186 /* 4-【掌握】self用在类方法中 */ = {
			isa = PBXNativeTarget;
			buildConfigurationList = 0E30C1431C4625CD00E5B186 /* Build configuration list for PBXNativeTarget "4-【掌握】self用在类方法中" */;
			buildPhases = (
				0E30C13B1C4625CD00E5B186 /* Sources */,
				0E30C13C1C4625CD00E5B186 /* Frameworks */,
				0E30C13D1C4625CD00E5B186 /* CopyFiles */,
			);
			buildRules = (
			);
			dependencies = (
			);
			name = "4-【掌握】self用在类方法中";
			productName = "4-【掌握】self用在类方法中";
			productReference = 0E30C13F1C4625CD00E5B186 /* 4-【掌握】self用在类方法中 */;
			productType = "com.apple.product-type.tool";
		};
		0E30C14C1C462C8200E5B186 /* 5-【理解】self修饰变量 */ = {
			isa = PBXNativeTarget;
			buildConfigurationList = 0E30C1511C462C8200E5B186 /* Build configuration list for PBXNativeTarget "5-【理解】self修饰变量" */;
			buildPhases = (
				0E30C1491C462C8200E5B186 /* Sources */,
				0E30C14A1C462C8200E5B186 /* Frameworks */,
				0E30C14B1C462C8200E5B186 /* CopyFiles */,
			);
			buildRules = (
			);
			dependencies = (
			);
			name = "5-【理解】self修饰变量";
			productName = "5-【理解】self修饰变量";
			productReference = 0E30C14D1C462C8200E5B186 /* 5-【理解】self修饰变量 */;
			productType = "com.apple.product-type.tool";
		};
		0E30C15A1C46304E00E5B186 /* 6-【理解】self使用总结和注意事项 */ = {
			isa = PBXNativeTarget;
			buildConfigurationList = 0E30C15F1C46304E00E5B186 /* Build configuration list for PBXNativeTarget "6-【理解】self使用总结和注意事项" */;
			buildPhases = (
				0E30C1571C46304E00E5B186 /* Sources */,
				0E30C1581C46304E00E5B186 /* Frameworks */,
				0E30C1591C46304E00E5B186 /* CopyFiles */,
			);
			buildRules = (
			);
			dependencies = (
			);
			name = "6-【理解】self使用总结和注意事项";
			productName = "6-【理解】self使用总结和注意事项";
			productReference = 0E30C15B1C46304E00E5B186 /* 6-【理解】self使用总结和注意事项 */;
			productType = "com.apple.product-type.tool";
		};
		0E6BA7E71C4699F00057866D /* 8-【掌握】继承的代码实现 */ = {
			isa = PBXNativeTarget;
			buildConfigurationList = 0E6BA7EE1C4699F00057866D /* Build configuration list for PBXNativeTarget "8-【掌握】继承的代码实现" */;
			buildPhases = (
				0E6BA7E41C4699F00057866D /* Sources */,
				0E6BA7E51C4699F00057866D /* Frameworks */,
				0E6BA7E61C4699F00057866D /* CopyFiles */,
			);
			buildRules = (
			);
			dependencies = (
			);
			name = "8-【掌握】继承的代码实现";
			productName = "8-【掌握】继承的代码实现";
			productReference = 0E6BA7E81C4699F00057866D /* 8-【掌握】继承的代码实现 */;
			productType = "com.apple.product-type.tool";
		};
		0E6BA7FF1C46A4750057866D /* 9-【理解】基类和派生类之间的关系 */ = {
			isa = PBXNativeTarget;
			buildConfigurationList = 0E6BA8041C46A4750057866D /* Build configuration list for PBXNativeTarget "9-【理解】基类和派生类之间的关系" */;
			buildPhases = (
				0E6BA7FC1C46A4750057866D /* Sources */,
				0E6BA7FD1C46A4750057866D /* Frameworks */,
				0E6BA7FE1C46A4750057866D /* CopyFiles */,
			);
			buildRules = (
			);
			dependencies = (
			);
			name = "9-【理解】基类和派生类之间的关系";
			productName = "9-【理解】基类和派生类之间的关系";
			productReference = 0E6BA8001C46A4750057866D /* 9-【理解】基类和派生类之间的关系 */;
			productType = "com.apple.product-type.tool";
		};
		0E6BA8131C46C2CB0057866D /* 10-【理解】继承的注意事项 */ = {
			isa = PBXNativeTarget;
			buildConfigurationList = 0E6BA8181C46C2CB0057866D /* Build configuration list for PBXNativeTarget "10-【理解】继承的注意事项" */;
			buildPhases = (
				0E6BA8101C46C2CB0057866D /* Sources */,
				0E6BA8111C46C2CB0057866D /* Frameworks */,
				0E6BA8121C46C2CB0057866D /* CopyFiles */,
			);
			buildRules = (
			);
			dependencies = (
			);
			name = "10-【理解】继承的注意事项";
			productName = "10-【理解】继承的注意事项";
			productReference = 0E6BA8141C46C2CB0057866D /* 10-【理解】继承的注意事项 */;
			productType = "com.apple.product-type.tool";
		};
		0E6BA8271C46D7E40057866D /* 11-【掌握】实例变量修饰符介绍 */ = {
			isa = PBXNativeTarget;
			buildConfigurationList = 0E6BA82C1C46D7E40057866D /* Build configuration list for PBXNativeTarget "11-【掌握】实例变量修饰符介绍" */;
			buildPhases = (
				0E6BA8241C46D7E40057866D /* Sources */,
				0E6BA8251C46D7E40057866D /* Frameworks */,
				0E6BA8261C46D7E40057866D /* CopyFiles */,
			);
			buildRules = (
			);
			dependencies = (
			);
			name = "11-【掌握】实例变量修饰符介绍";
			productName = "11-【掌握】实例变量修饰符介绍";
			productReference = 0E6BA8281C46D7E40057866D /* 11-【掌握】实例变量修饰符介绍 */;
			productType = "com.apple.product-type.tool";
		};
		0E6BA8381C4745910057866D /* 13-【理解】OC中的私有变量 */ = {
			isa = PBXNativeTarget;
			buildConfigurationList = 0E6BA83D1C4745910057866D /* Build configuration list for PBXNativeTarget "13-【理解】OC中的私有变量" */;
			buildPhases = (
				0E6BA8351C4745910057866D /* Sources */,
				0E6BA8361C4745910057866D /* Frameworks */,
				0E6BA8371C4745910057866D /* CopyFiles */,
			);
			buildRules = (
			);
			dependencies = (
			);
			name = "13-【理解】OC中的私有变量";
			productName = "13-【理解】OC中的私有变量";
			productReference = 0E6BA8391C4745910057866D /* 13-【理解】OC中的私有变量 */;
			productType = "com.apple.product-type.tool";
		};
		0E6BA8461C475D950057866D /* 13-【理解】OC中的私有变量2 */ = {
			isa = PBXNativeTarget;
			buildConfigurationList = 0E6BA84D1C475D950057866D /* Build configuration list for PBXNativeTarget "13-【理解】OC中的私有变量2" */;
			buildPhases = (
				0E6BA8431C475D950057866D /* Sources */,
				0E6BA8441C475D950057866D /* Frameworks */,
				0E6BA8451C475D950057866D /* CopyFiles */,
			);
			buildRules = (
			);
			dependencies = (
			);
			name = "13-【理解】OC中的私有变量2";
			productName = "13-【理解】OC中的私有变量2";
			productReference = 0E6BA8471C475D950057866D /* 13-【理解】OC中的私有变量2 */;
			productType = "com.apple.product-type.tool";
		};
		0E6BA8571C476C150057866D /* 14-【掌握】OC中的私有(相对私有)方法 */ = {
			isa = PBXNativeTarget;
			buildConfigurationList = 0E6BA85C1C476C150057866D /* Build configuration list for PBXNativeTarget "14-【掌握】OC中的私有(相对私有)方法" */;
			buildPhases = (
				0E6BA8541C476C150057866D /* Sources */,
				0E6BA8551C476C150057866D /* Frameworks */,
				0E6BA8561C476C150057866D /* CopyFiles */,
			);
			buildRules = (
			);
			dependencies = (
			);
			name = "14-【掌握】OC中的私有(相对私有)方法";
			productName = "14-【掌握】OC中的私有(相对私有)方法";
			productReference = 0E6BA8581C476C150057866D /* 14-【掌握】OC中的私有(相对私有)方法 */;
			productType = "com.apple.product-type.tool";
		};
		0E6BA8681C4795BE0057866D /* 15-【理解】description方法介绍及重写 */ = {
			isa = PBXNativeTarget;
			buildConfigurationList = 0E6BA86D1C4795BE0057866D /* Build configuration list for PBXNativeTarget "15-【理解】description方法介绍及重写" */;
			buildPhases = (
				0E6BA8651C4795BE0057866D /* Sources */,
				0E6BA8661C4795BE0057866D /* Frameworks */,
				0E6BA8671C4795BE0057866D /* CopyFiles */,
			);
			buildRules = (
			);
			dependencies = (
			);
			name = "15-【理解】description方法介绍及重写";
			productName = "15-【理解】description方法介绍及重写";
			productReference = 0E6BA8691C4795BE0057866D /* 15-【理解】description方法介绍及重写 */;
			productType = "com.apple.product-type.tool";
		};
		0E6BA8761C47C4B30057866D /* 16-【了解】多态的概念和条件 */ = {
			isa = PBXNativeTarget;
			buildConfigurationList = 0E6BA87D1C47C4B30057866D /* Build configuration list for PBXNativeTarget "16-【了解】多态的概念和条件" */;
			buildPhases = (
				0E6BA8731C47C4B30057866D /* Sources */,
				0E6BA8741C47C4B30057866D /* Frameworks */,
				0E6BA8751C47C4B30057866D /* CopyFiles */,
			);
			buildRules = (
			);
			dependencies = (
			);
			name = "16-【了解】多态的概念和条件";
			productName = "16-【了解】多态的概念和条件";
			productReference = 0E6BA8771C47C4B30057866D /* 16-【了解】多态的概念和条件 */;
			productType = "com.apple.product-type.tool";
		};
		0E6BA88D1C47DF9D0057866D /* 18-【了解】类的本质 */ = {
			isa = PBXNativeTarget;
			buildConfigurationList = 0E6BA8921C47DF9D0057866D /* Build configuration list for PBXNativeTarget "18-【了解】类的本质" */;
			buildPhases = (
				0E6BA88A1C47DF9D0057866D /* Sources */,
				0E6BA88B1C47DF9D0057866D /* Frameworks */,
				0E6BA88C1C47DF9D0057866D /* CopyFiles */,
			);
			buildRules = (
			);
			dependencies = (
			);
			name = "18-【了解】类的本质";
			productName = "18-【了解】类的本质";
			productReference = 0E6BA88E1C47DF9D0057866D /* 18-【了解】类的本质 */;
			productType = "com.apple.product-type.tool";
		};
		0E6BA89B1C47E77A0057866D /* problem3 */ = {
			isa = PBXNativeTarget;
			buildConfigurationList = 0E6BA8A01C47E77A0057866D /* Build configuration list for PBXNativeTarget "problem3" */;
			buildPhases = (
				0E6BA8981C47E77A0057866D /* Sources */,
				0E6BA8991C47E77A0057866D /* Frameworks */,
				0E6BA89A1C47E77A0057866D /* CopyFiles */,
			);
			buildRules = (
			);
			dependencies = (
			);
			name = problem3;
			productName = problem3;
			productReference = 0E6BA89C1C47E77A0057866D /* problem3 */;
			productType = "com.apple.product-type.tool";
		};
		0E6BA8A61C4802340057866D /* 21-【理解】SEL类型 */ = {
			isa = PBXNativeTarget;
			buildConfigurationList = 0E6BA8AB1C4802340057866D /* Build configuration list for PBXNativeTarget "21-【理解】SEL类型" */;
			buildPhases = (
				0E6BA8A31C4802340057866D /* Sources */,
				0E6BA8A41C4802340057866D /* Frameworks */,
				0E6BA8A51C4802340057866D /* CopyFiles */,
			);
			buildRules = (
			);
			dependencies = (
			);
			name = "21-【理解】SEL类型";
			productName = "21-【理解】SEL类型";
			productReference = 0E6BA8A71C4802340057866D /* 21-【理解】SEL类型 */;
			productType = "com.apple.product-type.tool";
		};
/* End PBXNativeTarget section */

/* Begin PBXProject section */
		0E30C10D1C461ABC00E5B186 /* Project object */ = {
			isa = PBXProject;
			attributes = {
				LastUpgradeCheck = 0700;
				ORGANIZATIONNAME = itcast;
				TargetAttributes = {
					0E18D5951C51F9BE00BFC3EA = {
						CreatedOnToolsVersion = 7.0;
					};
					0E30C1141C461ABC00E5B186 = {
						CreatedOnToolsVersion = 7.0;
					};
					0E30C1221C461AD400E5B186 = {
						CreatedOnToolsVersion = 7.0;
					};
					0E30C1301C46208000E5B186 = {
						CreatedOnToolsVersion = 7.0;
					};
					0E30C13E1C4625CD00E5B186 = {
						CreatedOnToolsVersion = 7.0;
					};
					0E30C14C1C462C8200E5B186 = {
						CreatedOnToolsVersion = 7.0;
					};
					0E30C15A1C46304E00E5B186 = {
						CreatedOnToolsVersion = 7.0;
					};
					0E6BA7E71C4699F00057866D = {
						CreatedOnToolsVersion = 7.0;
					};
					0E6BA7FF1C46A4750057866D = {
						CreatedOnToolsVersion = 7.0;
					};
					0E6BA8131C46C2CB0057866D = {
						CreatedOnToolsVersion = 7.0;
					};
					0E6BA8271C46D7E40057866D = {
						CreatedOnToolsVersion = 7.0;
					};
					0E6BA8381C4745910057866D = {
						CreatedOnToolsVersion = 7.0;
					};
					0E6BA8461C475D950057866D = {
						CreatedOnToolsVersion = 7.0;
					};
					0E6BA8571C476C150057866D = {
						CreatedOnToolsVersion = 7.0;
					};
					0E6BA8681C4795BE0057866D = {
						CreatedOnToolsVersion = 7.0;
					};
					0E6BA8761C47C4B30057866D = {
						CreatedOnToolsVersion = 7.0;
					};
					0E6BA88D1C47DF9D0057866D = {
						CreatedOnToolsVersion = 7.0;
					};
					0E6BA89B1C47E77A0057866D = {
						CreatedOnToolsVersion = 7.0;
					};
					0E6BA8A61C4802340057866D = {
						CreatedOnToolsVersion = 7.0;
					};
				};
			};
			buildConfigurationList = 0E30C1101C461ABC00E5B186 /* Build configuration list for PBXProject "ocday04" */;
			compatibilityVersion = "Xcode 3.2";
			developmentRegion = English;
			hasScannedForEncodings = 0;
			knownRegions = (
				en,
			);
			mainGroup = 0E30C10C1C461ABC00E5B186;
			productRefGroup = 0E30C1161C461ABC00E5B186 /* Products */;
			projectDirPath = "";
			projectRoot = "";
			targets = (
				0E30C1141C461ABC00E5B186 /* ocday04 */,
				0E30C1221C461AD400E5B186 /* 2-【了解】self和super关键字介绍 */,
				0E30C1301C46208000E5B186 /* 3-【掌握】self用在对象方法中 */,
				0E30C13E1C4625CD00E5B186 /* 4-【掌握】self用在类方法中 */,
				0E30C14C1C462C8200E5B186 /* 5-【理解】self修饰变量 */,
				0E30C15A1C46304E00E5B186 /* 6-【理解】self使用总结和注意事项 */,
				0E6BA7E71C4699F00057866D /* 8-【掌握】继承的代码实现 */,
				0E6BA7FF1C46A4750057866D /* 9-【理解】基类和派生类之间的关系 */,
				0E6BA8131C46C2CB0057866D /* 10-【理解】继承的注意事项 */,
				0E6BA8271C46D7E40057866D /* 11-【掌握】实例变量修饰符介绍 */,
				0E6BA8381C4745910057866D /* 13-【理解】OC中的私有变量 */,
				0E6BA8461C475D950057866D /* 13-【理解】OC中的私有变量2 */,
				0E6BA8571C476C150057866D /* 14-【掌握】OC中的私有(相对私有)方法 */,
				0E6BA8681C4795BE0057866D /* 15-【理解】description方法介绍及重写 */,
				0E6BA8761C47C4B30057866D /* 16-【了解】多态的概念和条件 */,
				0E6BA88D1C47DF9D0057866D /* 18-【了解】类的本质 */,
				0E6BA89B1C47E77A0057866D /* problem3 */,
				0E6BA8A61C4802340057866D /* 21-【理解】SEL类型 */,
				0E18D5951C51F9BE00BFC3EA /* 21-【理解】SEL类型2 */,
			);
		};
/* End PBXProject section */

/* Begin PBXSourcesBuildPhase section */
		0E18D5921C51F9BE00BFC3EA /* Sources */ = {
			isa = PBXSourcesBuildPhase;
			buildActionMask = 2147483647;
			files = (
				0E18D59F1C51FA6C00BFC3EA /* Person.m in Sources */,
				0E18D5991C51F9BE00BFC3EA /* main.m in Sources */,
			);
			runOnlyForDeploymentPostprocessing = 0;
		};
		0E30C1111C461ABC00E5B186 /* Sources */ = {
			isa = PBXSourcesBuildPhase;
			buildActionMask = 2147483647;
			files = (
				0E30C1191C461ABC00E5B186 /* main.m in Sources */,
			);
			runOnlyForDeploymentPostprocessing = 0;
		};
		0E30C11F1C461AD400E5B186 /* Sources */ = {
			isa = PBXSourcesBuildPhase;
			buildActionMask = 2147483647;
			files = (
				0E30C12C1C461FB800E5B186 /* Person.m in Sources */,
				0E30C1261C461AD400E5B186 /* main.m in Sources */,
			);
			runOnlyForDeploymentPostprocessing = 0;
		};
		0E30C12D1C46208000E5B186 /* Sources */ = {
			isa = PBXSourcesBuildPhase;
			buildActionMask = 2147483647;
			files = (
				0E30C13A1C4620B500E5B186 /* Person.m in Sources */,
				0E30C1341C46208000E5B186 /* main.m in Sources */,
			);
			runOnlyForDeploymentPostprocessing = 0;
		};
		0E30C13B1C4625CD00E5B186 /* Sources */ = {
			isa = PBXSourcesBuildPhase;
			buildActionMask = 2147483647;
			files = (
				0E30C1481C46261300E5B186 /* Car.m in Sources */,
				0E30C1421C4625CD00E5B186 /* main.m in Sources */,
			);
			runOnlyForDeploymentPostprocessing = 0;
		};
		0E30C1491C462C8200E5B186 /* Sources */ = {
			isa = PBXSourcesBuildPhase;
			buildActionMask = 2147483647;
			files = (
				0E30C1561C462DB500E5B186 /* Dog.m in Sources */,
				0E30C1501C462C8200E5B186 /* main.m in Sources */,
			);
			runOnlyForDeploymentPostprocessing = 0;
		};
		0E30C1571C46304E00E5B186 /* Sources */ = {
			isa = PBXSourcesBuildPhase;
			buildActionMask = 2147483647;
			files = (
				0E30C1641C4633B600E5B186 /* Dog.m in Sources */,
				0E30C15E1C46304E00E5B186 /* main.m in Sources */,
			);
			runOnlyForDeploymentPostprocessing = 0;
		};
		0E6BA7E41C4699F00057866D /* Sources */ = {
			isa = PBXSourcesBuildPhase;
			buildActionMask = 2147483647;
			files = (
				0E6BA7F41C469AC10057866D /* Teacher.m in Sources */,
				0E6BA7EB1C4699F00057866D /* main.m in Sources */,
				0E6BA7F81C469B9A0057866D /* Person.m in Sources */,
				0E6BA7FB1C469C0F0057866D /* SchoolMaster.m in Sources */,
				0E6BA7F11C469A4E0057866D /* Student.m in Sources */,
			);
			runOnlyForDeploymentPostprocessing = 0;
		};
		0E6BA7FC1C46A4750057866D /* Sources */ = {
			isa = PBXSourcesBuildPhase;
			buildActionMask = 2147483647;
			files = (
				0E6BA80F1C46AC0B0057866D /* Son.m in Sources */,
				0E6BA8031C46A4750057866D /* main.m in Sources */,
				0E6BA80C1C46AB560057866D /* Father.m in Sources */,
			);
			runOnlyForDeploymentPostprocessing = 0;
		};
		0E6BA8101C46C2CB0057866D /* Sources */ = {
			isa = PBXSourcesBuildPhase;
			buildActionMask = 2147483647;
			files = (
				0E6BA8231C46C4800057866D /* ShoutSkyDog.m in Sources */,
				0E6BA8201C46C4320057866D /* Dog.m in Sources */,
				0E6BA8171C46C2CB0057866D /* main.m in Sources */,
				0E6BA81D1C46C3EC0057866D /* Animal.m in Sources */,
			);
			runOnlyForDeploymentPostprocessing = 0;
		};
		0E6BA8241C46D7E40057866D /* Sources */ = {
			isa = PBXSourcesBuildPhase;
			buildActionMask = 2147483647;
			files = (
				0E6BA8341C46DB1E0057866D /* BigCar.m in Sources */,
				0E6BA8311C46D8C30057866D /* Car.m in Sources */,
				0E6BA82B1C46D7E40057866D /* main.m in Sources */,
			);
			runOnlyForDeploymentPostprocessing = 0;
		};
		0E6BA8351C4745910057866D /* Sources */ = {
			isa = PBXSourcesBuildPhase;
			buildActionMask = 2147483647;
			files = (
				0E6BA83C1C4745910057866D /* main.m in Sources */,
				0E6BA8421C4746BB0057866D /* Animal.m in Sources */,
			);
			runOnlyForDeploymentPostprocessing = 0;
		};
		0E6BA8431C475D950057866D /* Sources */ = {
			isa = PBXSourcesBuildPhase;
			buildActionMask = 2147483647;
			files = (
				0E6BA8501C475E2B0057866D /* Person.m in Sources */,
				0E6BA84A1C475D950057866D /* main.m in Sources */,
				0E6BA8531C47604D0057866D /* Student.m in Sources */,
			);
			runOnlyForDeploymentPostprocessing = 0;
		};
		0E6BA8541C476C150057866D /* Sources */ = {
			isa = PBXSourcesBuildPhase;
			buildActionMask = 2147483647;
			files = (
				0E6BA8611C476CAB0057866D /* Person.m in Sources */,
				0E6BA85B1C476C150057866D /* main.m in Sources */,
				0E6BA8641C476DF00057866D /* Student.m in Sources */,
			);
			runOnlyForDeploymentPostprocessing = 0;
		};
		0E6BA8651C4795BE0057866D /* Sources */ = {
			isa = PBXSourcesBuildPhase;
			buildActionMask = 2147483647;
			files = (
				0E6BA8721C4795F10057866D /* Person.m in Sources */,
				0E6BA86C1C4795BE0057866D /* main.m in Sources */,
			);
			runOnlyForDeploymentPostprocessing = 0;
		};
		0E6BA8731C47C4B30057866D /* Sources */ = {
			isa = PBXSourcesBuildPhase;
			buildActionMask = 2147483647;
			files = (
				0E6BA8861C47CA740057866D /* Japanese.m in Sources */,
				0E6BA8801C47C9E60057866D /* Person.m in Sources */,
				0E6BA8831C47CA420057866D /* American.m in Sources */,
				0E6BA8891C47CABE0057866D /* Korean.m in Sources */,
				0E6BA87A1C47C4B30057866D /* main.m in Sources */,
			);
			runOnlyForDeploymentPostprocessing = 0;
		};
		0E6BA88A1C47DF9D0057866D /* Sources */ = {
			isa = PBXSourcesBuildPhase;
			buildActionMask = 2147483647;
			files = (
				0E6BA8971C47E59D0057866D /* Person.m in Sources */,
				0E6BA8911C47DF9D0057866D /* main.m in Sources */,
			);
			runOnlyForDeploymentPostprocessing = 0;
		};
		0E6BA8981C47E77A0057866D /* Sources */ = {
			isa = PBXSourcesBuildPhase;
			buildActionMask = 2147483647;
			files = (
			);
			runOnlyForDeploymentPostprocessing = 0;
		};
		0E6BA8A31C4802340057866D /* Sources */ = {
			isa = PBXSourcesBuildPhase;
			buildActionMask = 2147483647;
			files = (
				0E6BA8B01C4807300057866D /* Dog.m in Sources */,
				0E6BA8AA1C4802340057866D /* main.m in Sources */,
			);
			runOnlyForDeploymentPostprocessing = 0;
		};
/* End PBXSourcesBuildPhase section */

/* Begin XCBuildConfiguration section */
		0E18D59A1C51F9BE00BFC3EA /* Debug */ = {
			isa = XCBuildConfiguration;
			buildSettings = {
				PRODUCT_NAME = "$(TARGET_NAME)";
			};
			name = Debug;
		};
		0E18D59B1C51F9BE00BFC3EA /* Release */ = {
			isa = XCBuildConfiguration;
			buildSettings = {
				PRODUCT_NAME = "$(TARGET_NAME)";
			};
			name = Release;
		};
		0E30C11A1C461ABC00E5B186 /* Debug */ = {
			isa = XCBuildConfiguration;
			buildSettings = {
				ALWAYS_SEARCH_USER_PATHS = NO;
				CLANG_CXX_LANGUAGE_STANDARD = "gnu++0x";
				CLANG_CXX_LIBRARY = "libc++";
				CLANG_ENABLE_MODULES = YES;
				CLANG_ENABLE_OBJC_ARC = YES;
				CLANG_WARN_BOOL_CONVERSION = YES;
				CLANG_WARN_CONSTANT_CONVERSION = YES;
				CLANG_WARN_DIRECT_OBJC_ISA_USAGE = YES_ERROR;
				CLANG_WARN_EMPTY_BODY = YES;
				CLANG_WARN_ENUM_CONVERSION = YES;
				CLANG_WARN_INT_CONVERSION = YES;
				CLANG_WARN_OBJC_ROOT_CLASS = YES_ERROR;
				CLANG_WARN_UNREACHABLE_CODE = YES;
				CLANG_WARN__DUPLICATE_METHOD_MATCH = YES;
				COPY_PHASE_STRIP = NO;
				DEBUG_INFORMATION_FORMAT = dwarf;
				ENABLE_STRICT_OBJC_MSGSEND = YES;
				ENABLE_TESTABILITY = YES;
				GCC_C_LANGUAGE_STANDARD = gnu99;
				GCC_DYNAMIC_NO_PIC = NO;
				GCC_NO_COMMON_BLOCKS = YES;
				GCC_OPTIMIZATION_LEVEL = 0;
				GCC_PREPROCESSOR_DEFINITIONS = (
					"DEBUG=1",
					"$(inherited)",
				);
				GCC_WARN_64_TO_32_BIT_CONVERSION = YES;
				GCC_WARN_ABOUT_RETURN_TYPE = YES_ERROR;
				GCC_WARN_UNDECLARED_SELECTOR = YES;
				GCC_WARN_UNINITIALIZED_AUTOS = YES_AGGRESSIVE;
				GCC_WARN_UNUSED_FUNCTION = YES;
				GCC_WARN_UNUSED_VARIABLE = YES;
				MACOSX_DEPLOYMENT_TARGET = 10.11;
				MTL_ENABLE_DEBUG_INFO = YES;
				ONLY_ACTIVE_ARCH = YES;
				SDKROOT = macosx;
			};
			name = Debug;
		};
		0E30C11B1C461ABC00E5B186 /* Release */ = {
			isa = XCBuildConfiguration;
			buildSettings = {
				ALWAYS_SEARCH_USER_PATHS = NO;
				CLANG_CXX_LANGUAGE_STANDARD = "gnu++0x";
				CLANG_CXX_LIBRARY = "libc++";
				CLANG_ENABLE_MODULES = YES;
				CLANG_ENABLE_OBJC_ARC = YES;
				CLANG_WARN_BOOL_CONVERSION = YES;
				CLANG_WARN_CONSTANT_CONVERSION = YES;
				CLANG_WARN_DIRECT_OBJC_ISA_USAGE = YES_ERROR;
				CLANG_WARN_EMPTY_BODY = YES;
				CLANG_WARN_ENUM_CONVERSION = YES;
				CLANG_WARN_INT_CONVERSION = YES;
				CLANG_WARN_OBJC_ROOT_CLASS = YES_ERROR;
				CLANG_WARN_UNREACHABLE_CODE = YES;
				CLANG_WARN__DUPLICATE_METHOD_MATCH = YES;
				COPY_PHASE_STRIP = NO;
				DEBUG_INFORMATION_FORMAT = "dwarf-with-dsym";
				ENABLE_NS_ASSERTIONS = NO;
				ENABLE_STRICT_OBJC_MSGSEND = YES;
				GCC_C_LANGUAGE_STANDARD = gnu99;
				GCC_NO_COMMON_BLOCKS = YES;
				GCC_WARN_64_TO_32_BIT_CONVERSION = YES;
				GCC_WARN_ABOUT_RETURN_TYPE = YES_ERROR;
				GCC_WARN_UNDECLARED_SELECTOR = YES;
				GCC_WARN_UNINITIALIZED_AUTOS = YES_AGGRESSIVE;
				GCC_WARN_UNUSED_FUNCTION = YES;
				GCC_WARN_UNUSED_VARIABLE = YES;
				MACOSX_DEPLOYMENT_TARGET = 10.11;
				MTL_ENABLE_DEBUG_INFO = NO;
				SDKROOT = macosx;
			};
			name = Release;
		};
		0E30C11D1C461ABC00E5B186 /* Debug */ = {
			isa = XCBuildConfiguration;
			buildSettings = {
				PRODUCT_NAME = "$(TARGET_NAME)";
			};
			name = Debug;
		};
		0E30C11E1C461ABC00E5B186 /* Release */ = {
			isa = XCBuildConfiguration;
			buildSettings = {
				PRODUCT_NAME = "$(TARGET_NAME)";
			};
			name = Release;
		};
		0E30C1281C461AD400E5B186 /* Debug */ = {
			isa = XCBuildConfiguration;
			buildSettings = {
				PRODUCT_NAME = "$(TARGET_NAME)";
			};
			name = Debug;
		};
		0E30C1291C461AD400E5B186 /* Release */ = {
			isa = XCBuildConfiguration;
			buildSettings = {
				PRODUCT_NAME = "$(TARGET_NAME)";
			};
			name = Release;
		};
		0E30C1361C46208000E5B186 /* Debug */ = {
			isa = XCBuildConfiguration;
			buildSettings = {
				PRODUCT_NAME = "$(TARGET_NAME)";
			};
			name = Debug;
		};
		0E30C1371C46208000E5B186 /* Release */ = {
			isa = XCBuildConfiguration;
			buildSettings = {
				PRODUCT_NAME = "$(TARGET_NAME)";
			};
			name = Release;
		};
		0E30C1441C4625CD00E5B186 /* Debug */ = {
			isa = XCBuildConfiguration;
			buildSettings = {
				PRODUCT_NAME = "$(TARGET_NAME)";
			};
			name = Debug;
		};
		0E30C1451C4625CD00E5B186 /* Release */ = {
			isa = XCBuildConfiguration;
			buildSettings = {
				PRODUCT_NAME = "$(TARGET_NAME)";
			};
			name = Release;
		};
		0E30C1521C462C8200E5B186 /* Debug */ = {
			isa = XCBuildConfiguration;
			buildSettings = {
				PRODUCT_NAME = "$(TARGET_NAME)";
			};
			name = Debug;
		};
		0E30C1531C462C8200E5B186 /* Release */ = {
			isa = XCBuildConfiguration;
			buildSettings = {
				PRODUCT_NAME = "$(TARGET_NAME)";
			};
			name = Release;
		};
		0E30C1601C46304E00E5B186 /* Debug */ = {
			isa = XCBuildConfiguration;
			buildSettings = {
				PRODUCT_NAME = "$(TARGET_NAME)";
			};
			name = Debug;
		};
		0E30C1611C46304E00E5B186 /* Release */ = {
			isa = XCBuildConfiguration;
			buildSettings = {
				PRODUCT_NAME = "$(TARGET_NAME)";
			};
			name = Release;
		};
		0E6BA7EC1C4699F00057866D /* Debug */ = {
			isa = XCBuildConfiguration;
			buildSettings = {
				PRODUCT_NAME = "$(TARGET_NAME)";
			};
			name = Debug;
		};
		0E6BA7ED1C4699F00057866D /* Release */ = {
			isa = XCBuildConfiguration;
			buildSettings = {
				PRODUCT_NAME = "$(TARGET_NAME)";
			};
			name = Release;
		};
		0E6BA8051C46A4750057866D /* Debug */ = {
			isa = XCBuildConfiguration;
			buildSettings = {
				PRODUCT_NAME = "$(TARGET_NAME)";
			};
			name = Debug;
		};
		0E6BA8061C46A4750057866D /* Release */ = {
			isa = XCBuildConfiguration;
			buildSettings = {
				PRODUCT_NAME = "$(TARGET_NAME)";
			};
			name = Release;
		};
		0E6BA8191C46C2CB0057866D /* Debug */ = {
			isa = XCBuildConfiguration;
			buildSettings = {
				PRODUCT_NAME = "$(TARGET_NAME)";
			};
			name = Debug;
		};
		0E6BA81A1C46C2CB0057866D /* Release */ = {
			isa = XCBuildConfiguration;
			buildSettings = {
				PRODUCT_NAME = "$(TARGET_NAME)";
			};
			name = Release;
		};
		0E6BA82D1C46D7E40057866D /* Debug */ = {
			isa = XCBuildConfiguration;
			buildSettings = {
				PRODUCT_NAME = "$(TARGET_NAME)";
			};
			name = Debug;
		};
		0E6BA82E1C46D7E40057866D /* Release */ = {
			isa = XCBuildConfiguration;
			buildSettings = {
				PRODUCT_NAME = "$(TARGET_NAME)";
			};
			name = Release;
		};
		0E6BA83E1C4745910057866D /* Debug */ = {
			isa = XCBuildConfiguration;
			buildSettings = {
				PRODUCT_NAME = "$(TARGET_NAME)";
			};
			name = Debug;
		};
		0E6BA83F1C4745910057866D /* Release */ = {
			isa = XCBuildConfiguration;
			buildSettings = {
				PRODUCT_NAME = "$(TARGET_NAME)";
			};
			name = Release;
		};
		0E6BA84B1C475D950057866D /* Debug */ = {
			isa = XCBuildConfiguration;
			buildSettings = {
				PRODUCT_NAME = "$(TARGET_NAME)";
			};
			name = Debug;
		};
		0E6BA84C1C475D950057866D /* Release */ = {
			isa = XCBuildConfiguration;
			buildSettings = {
				PRODUCT_NAME = "$(TARGET_NAME)";
			};
			name = Release;
		};
		0E6BA85D1C476C150057866D /* Debug */ = {
			isa = XCBuildConfiguration;
			buildSettings = {
				PRODUCT_NAME = "$(TARGET_NAME)";
			};
			name = Debug;
		};
		0E6BA85E1C476C150057866D /* Release */ = {
			isa = XCBuildConfiguration;
			buildSettings = {
				PRODUCT_NAME = "$(TARGET_NAME)";
			};
			name = Release;
		};
		0E6BA86E1C4795BE0057866D /* Debug */ = {
			isa = XCBuildConfiguration;
			buildSettings = {
				PRODUCT_NAME = "$(TARGET_NAME)";
			};
			name = Debug;
		};
		0E6BA86F1C4795BE0057866D /* Release */ = {
			isa = XCBuildConfiguration;
			buildSettings = {
				PRODUCT_NAME = "$(TARGET_NAME)";
			};
			name = Release;
		};
		0E6BA87B1C47C4B30057866D /* Debug */ = {
			isa = XCBuildConfiguration;
			buildSettings = {
				PRODUCT_NAME = "$(TARGET_NAME)";
			};
			name = Debug;
		};
		0E6BA87C1C47C4B30057866D /* Release */ = {
			isa = XCBuildConfiguration;
			buildSettings = {
				PRODUCT_NAME = "$(TARGET_NAME)";
			};
			name = Release;
		};
		0E6BA8931C47DF9D0057866D /* Debug */ = {
			isa = XCBuildConfiguration;
			buildSettings = {
				PRODUCT_NAME = "$(TARGET_NAME)";
			};
			name = Debug;
		};
		0E6BA8941C47DF9D0057866D /* Release */ = {
			isa = XCBuildConfiguration;
			buildSettings = {
				PRODUCT_NAME = "$(TARGET_NAME)";
			};
			name = Release;
		};
		0E6BA8A11C47E77A0057866D /* Debug */ = {
			isa = XCBuildConfiguration;
			buildSettings = {
				PRODUCT_NAME = "$(TARGET_NAME)";
			};
			name = Debug;
		};
		0E6BA8A21C47E77A0057866D /* Release */ = {
			isa = XCBuildConfiguration;
			buildSettings = {
				PRODUCT_NAME = "$(TARGET_NAME)";
			};
			name = Release;
		};
		0E6BA8AC1C4802340057866D /* Debug */ = {
			isa = XCBuildConfiguration;
			buildSettings = {
				PRODUCT_NAME = "$(TARGET_NAME)";
			};
			name = Debug;
		};
		0E6BA8AD1C4802340057866D /* Release */ = {
			isa = XCBuildConfiguration;
			buildSettings = {
				PRODUCT_NAME = "$(TARGET_NAME)";
			};
			name = Release;
		};
/* End XCBuildConfiguration section */

/* Begin XCConfigurationList section */
		0E18D59C1C51F9BE00BFC3EA /* Build configuration list for PBXNativeTarget "21-【理解】SEL类型2" */ = {
			isa = XCConfigurationList;
			buildConfigurations = (
				0E18D59A1C51F9BE00BFC3EA /* Debug */,
				0E18D59B1C51F9BE00BFC3EA /* Release */,
			);
			defaultConfigurationIsVisible = 0;
		};
		0E30C1101C461ABC00E5B186 /* Build configuration list for PBXProject "ocday04" */ = {
			isa = XCConfigurationList;
			buildConfigurations = (
				0E30C11A1C461ABC00E5B186 /* Debug */,
				0E30C11B1C461ABC00E5B186 /* Release */,
			);
			defaultConfigurationIsVisible = 0;
			defaultConfigurationName = Release;
		};
		0E30C11C1C461ABC00E5B186 /* Build configuration list for PBXNativeTarget "ocday04" */ = {
			isa = XCConfigurationList;
			buildConfigurations = (
				0E30C11D1C461ABC00E5B186 /* Debug */,
				0E30C11E1C461ABC00E5B186 /* Release */,
			);
			defaultConfigurationIsVisible = 0;
			defaultConfigurationName = Release;
		};
		0E30C1271C461AD400E5B186 /* Build configuration list for PBXNativeTarget "2-【了解】self和super关键字介绍" */ = {
			isa = XCConfigurationList;
			buildConfigurations = (
				0E30C1281C461AD400E5B186 /* Debug */,
				0E30C1291C461AD400E5B186 /* Release */,
			);
			defaultConfigurationIsVisible = 0;
			defaultConfigurationName = Release;
		};
		0E30C1351C46208000E5B186 /* Build configuration list for PBXNativeTarget "3-【掌握】self用在对象方法中" */ = {
			isa = XCConfigurationList;
			buildConfigurations = (
				0E30C1361C46208000E5B186 /* Debug */,
				0E30C1371C46208000E5B186 /* Release */,
			);
			defaultConfigurationIsVisible = 0;
			defaultConfigurationName = Release;
		};
		0E30C1431C4625CD00E5B186 /* Build configuration list for PBXNativeTarget "4-【掌握】self用在类方法中" */ = {
			isa = XCConfigurationList;
			buildConfigurations = (
				0E30C1441C4625CD00E5B186 /* Debug */,
				0E30C1451C4625CD00E5B186 /* Release */,
			);
			defaultConfigurationIsVisible = 0;
			defaultConfigurationName = Release;
		};
		0E30C1511C462C8200E5B186 /* Build configuration list for PBXNativeTarget "5-【理解】self修饰变量" */ = {
			isa = XCConfigurationList;
			buildConfigurations = (
				0E30C1521C462C8200E5B186 /* Debug */,
				0E30C1531C462C8200E5B186 /* Release */,
			);
			defaultConfigurationIsVisible = 0;
			defaultConfigurationName = Release;
		};
		0E30C15F1C46304E00E5B186 /* Build configuration list for PBXNativeTarget "6-【理解】self使用总结和注意事项" */ = {
			isa = XCConfigurationList;
			buildConfigurations = (
				0E30C1601C46304E00E5B186 /* Debug */,
				0E30C1611C46304E00E5B186 /* Release */,
			);
			defaultConfigurationIsVisible = 0;
			defaultConfigurationName = Release;
		};
		0E6BA7EE1C4699F00057866D /* Build configuration list for PBXNativeTarget "8-【掌握】继承的代码实现" */ = {
			isa = XCConfigurationList;
			buildConfigurations = (
				0E6BA7EC1C4699F00057866D /* Debug */,
				0E6BA7ED1C4699F00057866D /* Release */,
			);
			defaultConfigurationIsVisible = 0;
			defaultConfigurationName = Release;
		};
		0E6BA8041C46A4750057866D /* Build configuration list for PBXNativeTarget "9-【理解】基类和派生类之间的关系" */ = {
			isa = XCConfigurationList;
			buildConfigurations = (
				0E6BA8051C46A4750057866D /* Debug */,
				0E6BA8061C46A4750057866D /* Release */,
			);
			defaultConfigurationIsVisible = 0;
			defaultConfigurationName = Release;
		};
		0E6BA8181C46C2CB0057866D /* Build configuration list for PBXNativeTarget "10-【理解】继承的注意事项" */ = {
			isa = XCConfigurationList;
			buildConfigurations = (
				0E6BA8191C46C2CB0057866D /* Debug */,
				0E6BA81A1C46C2CB0057866D /* Release */,
			);
			defaultConfigurationIsVisible = 0;
			defaultConfigurationName = Release;
		};
		0E6BA82C1C46D7E40057866D /* Build configuration list for PBXNativeTarget "11-【掌握】实例变量修饰符介绍" */ = {
			isa = XCConfigurationList;
			buildConfigurations = (
				0E6BA82D1C46D7E40057866D /* Debug */,
				0E6BA82E1C46D7E40057866D /* Release */,
			);
			defaultConfigurationIsVisible = 0;
			defaultConfigurationName = Release;
		};
		0E6BA83D1C4745910057866D /* Build configuration list for PBXNativeTarget "13-【理解】OC中的私有变量" */ = {
			isa = XCConfigurationList;
			buildConfigurations = (
				0E6BA83E1C4745910057866D /* Debug */,
				0E6BA83F1C4745910057866D /* Release */,
			);
			defaultConfigurationIsVisible = 0;
			defaultConfigurationName = Release;
		};
		0E6BA84D1C475D950057866D /* Build configuration list for PBXNativeTarget "13-【理解】OC中的私有变量2" */ = {
			isa = XCConfigurationList;
			buildConfigurations = (
				0E6BA84B1C475D950057866D /* Debug */,
				0E6BA84C1C475D950057866D /* Release */,
			);
			defaultConfigurationIsVisible = 0;
			defaultConfigurationName = Release;
		};
		0E6BA85C1C476C150057866D /* Build configuration list for PBXNativeTarget "14-【掌握】OC中的私有(相对私有)方法" */ = {
			isa = XCConfigurationList;
			buildConfigurations = (
				0E6BA85D1C476C150057866D /* Debug */,
				0E6BA85E1C476C150057866D /* Release */,
			);
			defaultConfigurationIsVisible = 0;
			defaultConfigurationName = Release;
		};
		0E6BA86D1C4795BE0057866D /* Build configuration list for PBXNativeTarget "15-【理解】description方法介绍及重写" */ = {
			isa = XCConfigurationList;
			buildConfigurations = (
				0E6BA86E1C4795BE0057866D /* Debug */,
				0E6BA86F1C4795BE0057866D /* Release */,
			);
			defaultConfigurationIsVisible = 0;
			defaultConfigurationName = Release;
		};
		0E6BA87D1C47C4B30057866D /* Build configuration list for PBXNativeTarget "16-【了解】多态的概念和条件" */ = {
			isa = XCConfigurationList;
			buildConfigurations = (
				0E6BA87B1C47C4B30057866D /* Debug */,
				0E6BA87C1C47C4B30057866D /* Release */,
			);
			defaultConfigurationIsVisible = 0;
			defaultConfigurationName = Release;
		};
		0E6BA8921C47DF9D0057866D /* Build configuration list for PBXNativeTarget "18-【了解】类的本质" */ = {
			isa = XCConfigurationList;
			buildConfigurations = (
				0E6BA8931C47DF9D0057866D /* Debug */,
				0E6BA8941C47DF9D0057866D /* Release */,
			);
			defaultConfigurationIsVisible = 0;
			defaultConfigurationName = Release;
		};
		0E6BA8A01C47E77A0057866D /* Build configuration list for PBXNativeTarget "problem3" */ = {
			isa = XCConfigurationList;
			buildConfigurations = (
				0E6BA8A11C47E77A0057866D /* Debug */,
				0E6BA8A21C47E77A0057866D /* Release */,
			);
			defaultConfigurationIsVisible = 0;
			defaultConfigurationName = Release;
		};
		0E6BA8AB1C4802340057866D /* Build configuration list for PBXNativeTarget "21-【理解】SEL类型" */ = {
			isa = XCConfigurationList;
			buildConfigurations = (
				0E6BA8AC1C4802340057866D /* Debug */,
				0E6BA8AD1C4802340057866D /* Release */,
			);
			defaultConfigurationIsVisible = 0;
			defaultConfigurationName = Release;
		};
/* End XCConfigurationList section */
	};
	rootObject = 0E30C10D1C461ABC00E5B186 /* Project object */;
}
