// !$*UTF8*$!
{
	archiveVersion = 1;
	classes = {
	};
	objectVersion = 46;
	objects = {

/* Begin PBXBuildFile section */
		0E805C301C53428800A75DDA /* main.m in Sources */ = {isa = PBXBuildFile; fileRef = 0E805C2F1C53428800A75DDA /* main.m */; };
		0E805C3D1C534C6600A75DDA /* main.m in Sources */ = {isa = PBXBuildFile; fileRef = 0E805C3C1C534C6600A75DDA /* main.m */; };
		0E805C4F1C53811500A75DDA /* Person.m in Sources */ = {isa = PBXBuildFile; fileRef = 0E805C4E1C53811500A75DDA /* Person.m */; settings = {ASSET_TAGS = (); }; };
		0E805C521C53940C00A75DDA /* Room.m in Sources */ = {isa = PBXBuildFile; fileRef = 0E805C511C53940C00A75DDA /* Room.m */; settings = {ASSET_TAGS = (); }; };
		0E805C5A1C53C83C00A75DDA /* main.c in Sources */ = {isa = PBXBuildFile; fileRef = 0E805C591C53C83C00A75DDA /* main.c */; };
		0E805C601C53C84C00A75DDA /* Person.m in Sources */ = {isa = PBXBuildFile; fileRef = 0E805C5F1C53C84C00A75DDA /* Person.m */; settings = {ASSET_TAGS = (); }; };
		0E805C631C53C85300A75DDA /* Dog.m in Sources */ = {isa = PBXBuildFile; fileRef = 0E805C621C53C85300A75DDA /* Dog.m */; settings = {ASSET_TAGS = (); }; };
/* End PBXBuildFile section */

/* Begin PBXCopyFilesBuildPhase section */
		0E805C2A1C53428800A75DDA /* CopyFiles */ = {
			isa = PBXCopyFilesBuildPhase;
			buildActionMask = 2147483647;
			dstPath = /usr/share/man/man1/;
			dstSubfolderSpec = 0;
			files = (
			);
			runOnlyForDeploymentPostprocessing = 1;
		};
		0E805C381C534C6600A75DDA /* CopyFiles */ = {
			isa = PBXCopyFilesBuildPhase;
			buildActionMask = 2147483647;
			dstPath = /usr/share/man/man1/;
			dstSubfolderSpec = 0;
			files = (
			);
			runOnlyForDeploymentPostprocessing = 1;
		};
		0E805C551C53C83C00A75DDA /* CopyFiles */ = {
			isa = PBXCopyFilesBuildPhase;
			buildActionMask = 2147483647;
			dstPath = /usr/share/man/man1/;
			dstSubfolderSpec = 0;
			files = (
			);
			runOnlyForDeploymentPostprocessing = 1;
		};
/* End PBXCopyFilesBuildPhase section */

/* Begin PBXFileReference section */
		0E805C2C1C53428800A75DDA /* ocjqday01 */ = {isa = PBXFileReference; explicitFileType = "compiled.mach-o.executable"; includeInIndex = 0; path = ocjqday01; sourceTree = BUILT_PRODUCTS_DIR; };
		0E805C2F1C53428800A75DDA /* main.m */ = {isa = PBXFileReference; lastKnownFileType = sourcecode.c.objc; path = main.m; sourceTree = "<group>"; };
		0E805C3A1C534C6600A75DDA /* mrc内存管理 */ = {isa = PBXFileReference; explicitFileType = "compiled.mach-o.executable"; includeInIndex = 0; path = "mrc内存管理"; sourceTree = BUILT_PRODUCTS_DIR; };
		0E805C3C1C534C6600A75DDA /* main.m */ = {isa = PBXFileReference; lastKnownFileType = sourcecode.c.objc; path = main.m; sourceTree = "<group>"; };
		0E805C4D1C53811500A75DDA /* Person.h */ = {isa = PBXFileReference; fileEncoding = 4; lastKnownFileType = sourcecode.c.h; path = Person.h; sourceTree = "<group>"; };
		0E805C4E1C53811500A75DDA /* Person.m */ = {isa = PBXFileReference; fileEncoding = 4; lastKnownFileType = sourcecode.c.objc; path = Person.m; sourceTree = "<group>"; };
		0E805C501C53940C00A75DDA /* Room.h */ = {isa = PBXFileReference; fileEncoding = 4; lastKnownFileType = sourcecode.c.h; path = Room.h; sourceTree = "<group>"; };
		0E805C511C53940C00A75DDA /* Room.m */ = {isa = PBXFileReference; fileEncoding = 4; lastKnownFileType = sourcecode.c.objc; path = Room.m; sourceTree = "<group>"; };
		0E805C571C53C83C00A75DDA /* 循环retain */ = {isa = PBXFileReference; explicitFileType = "compiled.mach-o.executable"; includeInIndex = 0; path = "循环retain"; sourceTree = BUILT_PRODUCTS_DIR; };
		0E805C591C53C83C00A75DDA /* main.c */ = {isa = PBXFileReference; lastKnownFileType = sourcecode.c.c; path = main.c; sourceTree = "<group>"; };
		0E805C5E1C53C84C00A75DDA /* Person.h */ = {isa = PBXFileReference; fileEncoding = 4; lastKnownFileType = sourcecode.c.h; path = Person.h; sourceTree = "<group>"; };
		0E805C5F1C53C84C00A75DDA /* Person.m */ = {isa = PBXFileReference; fileEncoding = 4; lastKnownFileType = sourcecode.c.objc; path = Person.m; sourceTree = "<group>"; };
		0E805C611C53C85300A75DDA /* Dog.h */ = {isa = PBXFileReference; fileEncoding = 4; lastKnownFileType = sourcecode.c.h; path = Dog.h; sourceTree = "<group>"; };
		0E805C621C53C85300A75DDA /* Dog.m */ = {isa = PBXFileReference; fileEncoding = 4; lastKnownFileType = sourcecode.c.objc; path = Dog.m; sourceTree = "<group>"; };
/* End PBXFileReference section */

/* Begin PBXFrameworksBuildPhase section */
		0E805C291C53428800A75DDA /* Frameworks */ = {
			isa = PBXFrameworksBuildPhase;
			buildActionMask = 2147483647;
			files = (
			);
			runOnlyForDeploymentPostprocessing = 0;
		};
		0E805C371C534C6600A75DDA /* Frameworks */ = {
			isa = PBXFrameworksBuildPhase;
			buildActionMask = 2147483647;
			files = (
			);
			runOnlyForDeploymentPostprocessing = 0;
		};
		0E805C541C53C83C00A75DDA /* Frameworks */ = {
			isa = PBXFrameworksBuildPhase;
			buildActionMask = 2147483647;
			files = (
			);
			runOnlyForDeploymentPostprocessing = 0;
		};
/* End PBXFrameworksBuildPhase section */

/* Begin PBXGroup section */
		0E805C231C53428800A75DDA = {
			isa = PBXGroup;
			children = (
				0E805C2E1C53428800A75DDA /* ocjqday01 */,
				0E805C3B1C534C6600A75DDA /* mrc内存管理 */,
				0E805C581C53C83C00A75DDA /* 循环retain */,
				0E805C2D1C53428800A75DDA /* Products */,
			);
			sourceTree = "<group>";
		};
		0E805C2D1C53428800A75DDA /* Products */ = {
			isa = PBXGroup;
			children = (
				0E805C2C1C53428800A75DDA /* ocjqday01 */,
				0E805C3A1C534C6600A75DDA /* mrc内存管理 */,
				0E805C571C53C83C00A75DDA /* 循环retain */,
			);
			name = Products;
			sourceTree = "<group>";
		};
		0E805C2E1C53428800A75DDA /* ocjqday01 */ = {
			isa = PBXGroup;
			children = (
				0E805C2F1C53428800A75DDA /* main.m */,
			);
			path = ocjqday01;
			sourceTree = "<group>";
		};
		0E805C3B1C534C6600A75DDA /* mrc内存管理 */ = {
			isa = PBXGroup;
			children = (
				0E805C3C1C534C6600A75DDA /* main.m */,
				0E805C4D1C53811500A75DDA /* Person.h */,
				0E805C4E1C53811500A75DDA /* Person.m */,
				0E805C501C53940C00A75DDA /* Room.h */,
				0E805C511C53940C00A75DDA /* Room.m */,
			);
			path = "mrc内存管理";
			sourceTree = "<group>";
		};
		0E805C581C53C83C00A75DDA /* 循环retain */ = {
			isa = PBXGroup;
			children = (
				0E805C591C53C83C00A75DDA /* main.c */,
				0E805C5E1C53C84C00A75DDA /* Person.h */,
				0E805C5F1C53C84C00A75DDA /* Person.m */,
				0E805C611C53C85300A75DDA /* Dog.h */,
				0E805C621C53C85300A75DDA /* Dog.m */,
			);
			path = "循环retain";
			sourceTree = "<group>";
		};
/* End PBXGroup section */

/* Begin PBXNativeTarget section */
		0E805C2B1C53428800A75DDA /* ocjqday01 */ = {
			isa = PBXNativeTarget;
			buildConfigurationList = 0E805C331C53428800A75DDA /* Build configuration list for PBXNativeTarget "ocjqday01" */;
			buildPhases = (
				0E805C281C53428800A75DDA /* Sources */,
				0E805C291C53428800A75DDA /* Frameworks */,
				0E805C2A1C53428800A75DDA /* CopyFiles */,
			);
			buildRules = (
			);
			dependencies = (
			);
			name = ocjqday01;
			productName = ocjqday01;
			productReference = 0E805C2C1C53428800A75DDA /* ocjqday01 */;
			productType = "com.apple.product-type.tool";
		};
		0E805C391C534C6600A75DDA /* mrc内存管理 */ = {
			isa = PBXNativeTarget;
			buildConfigurationList = 0E805C3E1C534C6600A75DDA /* Build configuration list for PBXNativeTarget "mrc内存管理" */;
			buildPhases = (
				0E805C361C534C6600A75DDA /* Sources */,
				0E805C371C534C6600A75DDA /* Frameworks */,
				0E805C381C534C6600A75DDA /* CopyFiles */,
			);
			buildRules = (
			);
			dependencies = (
			);
			name = "mrc内存管理";
			productName = "mrc内存管理";
			productReference = 0E805C3A1C534C6600A75DDA /* mrc内存管理 */;
			productType = "com.apple.product-type.tool";
		};
		0E805C561C53C83C00A75DDA /* 循环retain */ = {
			isa = PBXNativeTarget;
			buildConfigurationList = 0E805C5B1C53C83C00A75DDA /* Build configuration list for PBXNativeTarget "循环retain" */;
			buildPhases = (
				0E805C531C53C83C00A75DDA /* Sources */,
				0E805C541C53C83C00A75DDA /* Frameworks */,
				0E805C551C53C83C00A75DDA /* CopyFiles */,
			);
			buildRules = (
			);
			dependencies = (
			);
			name = "循环retain";
			productName = "循环retain";
			productReference = 0E805C571C53C83C00A75DDA /* 循环retain */;
			productType = "com.apple.product-type.tool";
		};
/* End PBXNativeTarget section */

/* Begin PBXProject section */
		0E805C241C53428800A75DDA /* Project object */ = {
			isa = PBXProject;
			attributes = {
				LastUpgradeCheck = 0700;
				ORGANIZATIONNAME = itcast;
				TargetAttributes = {
					0E805C2B1C53428800A75DDA = {
						CreatedOnToolsVersion = 7.0;
					};
					0E805C391C534C6600A75DDA = {
						CreatedOnToolsVersion = 7.0;
					};
					0E805C561C53C83C00A75DDA = {
						CreatedOnToolsVersion = 7.0;
					};
				};
			};
			buildConfigurationList = 0E805C271C53428800A75DDA /* Build configuration list for PBXProject "ocjqday01" */;
			compatibilityVersion = "Xcode 3.2";
			developmentRegion = English;
			hasScannedForEncodings = 0;
			knownRegions = (
				en,
			);
			mainGroup = 0E805C231C53428800A75DDA;
			productRefGroup = 0E805C2D1C53428800A75DDA /* Products */;
			projectDirPath = "";
			projectRoot = "";
			targets = (
				0E805C2B1C53428800A75DDA /* ocjqday01 */,
				0E805C391C534C6600A75DDA /* mrc内存管理 */,
				0E805C561C53C83C00A75DDA /* 循环retain */,
			);
		};
/* End PBXProject section */

/* Begin PBXSourcesBuildPhase section */
		0E805C281C53428800A75DDA /* Sources */ = {
			isa = PBXSourcesBuildPhase;
			buildActionMask = 2147483647;
			files = (
				0E805C301C53428800A75DDA /* main.m in Sources */,
			);
			runOnlyForDeploymentPostprocessing = 0;
		};
		0E805C361C534C6600A75DDA /* Sources */ = {
			isa = PBXSourcesBuildPhase;
			buildActionMask = 2147483647;
			files = (
				0E805C521C53940C00A75DDA /* Room.m in Sources */,
				0E805C4F1C53811500A75DDA /* Person.m in Sources */,
				0E805C3D1C534C6600A75DDA /* main.m in Sources */,
			);
			runOnlyForDeploymentPostprocessing = 0;
		};
		0E805C531C53C83C00A75DDA /* Sources */ = {
			isa = PBXSourcesBuildPhase;
			buildActionMask = 2147483647;
			files = (
				0E805C631C53C85300A75DDA /* Dog.m in Sources */,
				0E805C601C53C84C00A75DDA /* Person.m in Sources */,
				0E805C5A1C53C83C00A75DDA /* main.c in Sources */,
			);
			runOnlyForDeploymentPostprocessing = 0;
		};
/* End PBXSourcesBuildPhase section */

/* Begin XCBuildConfiguration section */
		0E805C311C53428800A75DDA /* Debug */ = {
			isa = XCBuildConfiguration;
			buildSettings = {
				ALWAYS_SEARCH_USER_PATHS = NO;
				CLANG_CXX_LANGUAGE_STANDARD = "gnu++0x";
				CLANG_CXX_LIBRARY = "libc++";
				CLANG_ENABLE_MODULES = YES;
				CLANG_ENABLE_OBJC_ARC = YES;
				CLANG_WARN_BOOL_CONVERSION = YES;
				CLANG_WARN_CONSTANT_CONVERSION = YES;
				CLANG_WARN_DIRECT_OBJC_ISA_USAGE = YES_ERROR;
				CLANG_WARN_EMPTY_BODY = YES;
				CLANG_WARN_ENUM_CONVERSION = YES;
				CLANG_WARN_INT_CONVERSION = YES;
				CLANG_WARN_OBJC_ROOT_CLASS = YES_ERROR;
				CLANG_WARN_UNREACHABLE_CODE = YES;
				CLANG_WARN__DUPLICATE_METHOD_MATCH = YES;
				COPY_PHASE_STRIP = NO;
				DEBUG_INFORMATION_FORMAT = dwarf;
				ENABLE_STRICT_OBJC_MSGSEND = YES;
				ENABLE_TESTABILITY = YES;
				GCC_C_LANGUAGE_STANDARD = gnu99;
				GCC_DYNAMIC_NO_PIC = NO;
				GCC_NO_COMMON_BLOCKS = YES;
				GCC_OPTIMIZATION_LEVEL = 0;
				GCC_PREPROCESSOR_DEFINITIONS = (
					"DEBUG=1",
					"$(inherited)",
				);
				GCC_WARN_64_TO_32_BIT_CONVERSION = YES;
				GCC_WARN_ABOUT_RETURN_TYPE = YES_ERROR;
				GCC_WARN_UNDECLARED_SELECTOR = YES;
				GCC_WARN_UNINITIALIZED_AUTOS = YES_AGGRESSIVE;
				GCC_WARN_UNUSED_FUNCTION = YES;
				GCC_WARN_UNUSED_VARIABLE = YES;
				MACOSX_DEPLOYMENT_TARGET = 10.11;
				MTL_ENABLE_DEBUG_INFO = YES;
				ONLY_ACTIVE_ARCH = YES;
				SDKROOT = macosx;
			};
			name = Debug;
		};
		0E805C321C53428800A75DDA /* Release */ = {
			isa = XCBuildConfiguration;
			buildSettings = {
				ALWAYS_SEARCH_USER_PATHS = NO;
				CLANG_CXX_LANGUAGE_STANDARD = "gnu++0x";
				CLANG_CXX_LIBRARY = "libc++";
				CLANG_ENABLE_MODULES = YES;
				CLANG_ENABLE_OBJC_ARC = YES;
				CLANG_WARN_BOOL_CONVERSION = YES;
				CLANG_WARN_CONSTANT_CONVERSION = YES;
				CLANG_WARN_DIRECT_OBJC_ISA_USAGE = YES_ERROR;
				CLANG_WARN_EMPTY_BODY = YES;
				CLANG_WARN_ENUM_CONVERSION = YES;
				CLANG_WARN_INT_CONVERSION = YES;
				CLANG_WARN_OBJC_ROOT_CLASS = YES_ERROR;
				CLANG_WARN_UNREACHABLE_CODE = YES;
				CLANG_WARN__DUPLICATE_METHOD_MATCH = YES;
				COPY_PHASE_STRIP = NO;
				DEBUG_INFORMATION_FORMAT = "dwarf-with-dsym";
				ENABLE_NS_ASSERTIONS = NO;
				ENABLE_STRICT_OBJC_MSGSEND = YES;
				GCC_C_LANGUAGE_STANDARD = gnu99;
				GCC_NO_COMMON_BLOCKS = YES;
				GCC_WARN_64_TO_32_BIT_CONVERSION = YES;
				GCC_WARN_ABOUT_RETURN_TYPE = YES_ERROR;
				GCC_WARN_UNDECLARED_SELECTOR = YES;
				GCC_WARN_UNINITIALIZED_AUTOS = YES_AGGRESSIVE;
				GCC_WARN_UNUSED_FUNCTION = YES;
				GCC_WARN_UNUSED_VARIABLE = YES;
				MACOSX_DEPLOYMENT_TARGET = 10.11;
				MTL_ENABLE_DEBUG_INFO = NO;
				SDKROOT = macosx;
			};
			name = Release;
		};
		0E805C341C53428800A75DDA /* Debug */ = {
			isa = XCBuildConfiguration;
			buildSettings = {
				PRODUCT_NAME = "$(TARGET_NAME)";
			};
			name = Debug;
		};
		0E805C351C53428800A75DDA /* Release */ = {
			isa = XCBuildConfiguration;
			buildSettings = {
				PRODUCT_NAME = "$(TARGET_NAME)";
			};
			name = Release;
		};
		0E805C3F1C534C6600A75DDA /* Debug */ = {
			isa = XCBuildConfiguration;
			buildSettings = {
				CLANG_ENABLE_OBJC_ARC = NO;
				PRODUCT_NAME = "$(TARGET_NAME)";
			};
			name = Debug;
		};
		0E805C401C534C6600A75DDA /* Release */ = {
			isa = XCBuildConfiguration;
			buildSettings = {
				CLANG_ENABLE_OBJC_ARC = NO;
				PRODUCT_NAME = "$(TARGET_NAME)";
			};
			name = Release;
		};
		0E805C5C1C53C83C00A75DDA /* Debug */ = {
			isa = XCBuildConfiguration;
			buildSettings = {
				PRODUCT_NAME = "$(TARGET_NAME)";
			};
			name = Debug;
		};
		0E805C5D1C53C83C00A75DDA /* Release */ = {
			isa = XCBuildConfiguration;
			buildSettings = {
				PRODUCT_NAME = "$(TARGET_NAME)";
			};
			name = Release;
		};
/* End XCBuildConfiguration section */

/* Begin XCConfigurationList section */
		0E805C271C53428800A75DDA /* Build configuration list for PBXProject "ocjqday01" */ = {
			isa = XCConfigurationList;
			buildConfigurations = (
				0E805C311C53428800A75DDA /* Debug */,
				0E805C321C53428800A75DDA /* Release */,
			);
			defaultConfigurationIsVisible = 0;
			defaultConfigurationName = Release;
		};
		0E805C331C53428800A75DDA /* Build configuration list for PBXNativeTarget "ocjqday01" */ = {
			isa = XCConfigurationList;
			buildConfigurations = (
				0E805C341C53428800A75DDA /* Debug */,
				0E805C351C53428800A75DDA /* Release */,
			);
			defaultConfigurationIsVisible = 0;
			defaultConfigurationName = Release;
		};
		0E805C3E1C534C6600A75DDA /* Build configuration list for PBXNativeTarget "mrc内存管理" */ = {
			isa = XCConfigurationList;
			buildConfigurations = (
				0E805C3F1C534C6600A75DDA /* Debug */,
				0E805C401C534C6600A75DDA /* Release */,
			);
			defaultConfigurationIsVisible = 0;
			defaultConfigurationName = Release;
		};
		0E805C5B1C53C83C00A75DDA /* Build configuration list for PBXNativeTarget "循环retain" */ = {
			isa = XCConfigurationList;
			buildConfigurations = (
				0E805C5C1C53C83C00A75DDA /* Debug */,
				0E805C5D1C53C83C00A75DDA /* Release */,
			);
			defaultConfigurationIsVisible = 0;
		};
/* End XCConfigurationList section */
	};
	rootObject = 0E805C241C53428800A75DDA /* Project object */;
}
